
Microsoft Visual Studio Solution File, Format Version 10.00
# Visual Studio 2008
Project("{8BC9CEB8-8B4A-11D0-8D11-00A0C91BC942}") = "ripleycore", "ripleycore.vcproj", "{ECAF0B64-57F6-4883-A633-93367D3BF1F1}"
EndProject
Project("{8BC9CEB8-8B4A-11D0-8D11-00A0C91BC942}") = "RipleyServer", "RipleyServer.vcproj", "{62AC310D-0AE3-4D92-A928-CA9291481B5A}"
	ProjectSection(ProjectDependencies) = postProject
		{ECAF0B64-57F6-4883-A633-93367D3BF1F1} = {ECAF0B64-57F6-4883-A633-93367D3BF1F1}
	EndProjectSection
EndProject
Global
	GlobalSection(TeamFoundationVersionControl) = preSolution
		SccNumberOfProjects = 1
		SccEnterpriseProvider = {4CA58AB2-18FA-4F8D-95D4-32DDF27D184C}
		SccTeamFoundationServer = http://vp-dev-dna-1:8080/
		SccProjectUniqueName0 = RipleyServer.vcproj
		SccProjectName0 = .
		SccAuxPath0 = http://vp-dev-dna-1:8080
		SccLocalPath0 = .
		SccProvider0 = {4CA58AB2-18FA-4F8D-95D4-32DDF27D184C}
	EndGlobalSection
	GlobalSection(SolutionConfigurationPlatforms) = preSolution
		Debug|Win32 = Debug|Win32
		MySQL Debug|Win32 = MySQL Debug|Win32
		MySQL Release|Win32 = MySQL Release|Win32
		Release|Win32 = Release|Win32
	EndGlobalSection
	GlobalSection(ProjectConfigurationPlatforms) = postSolution
		{ECAF0B64-57F6-4883-A633-93367D3BF1F1}.Debug|Win32.ActiveCfg = Debug|Win32
		{ECAF0B64-57F6-4883-A633-93367D3BF1F1}.Debug|Win32.Build.0 = Debug|Win32
		{ECAF0B64-57F6-4883-A633-93367D3BF1F1}.MySQL Debug|Win32.ActiveCfg = Debug|Win32
		{ECAF0B64-57F6-4883-A633-93367D3BF1F1}.MySQL Debug|Win32.Build.0 = Debug|Win32
		{ECAF0B64-57F6-4883-A633-93367D3BF1F1}.MySQL Release|Win32.ActiveCfg = Release|Win32
		{ECAF0B64-57F6-4883-A633-93367D3BF1F1}.MySQL Release|Win32.Build.0 = Release|Win32
		{ECAF0B64-57F6-4883-A633-93367D3BF1F1}.Release|Win32.ActiveCfg = Release|Win32
		{ECAF0B64-57F6-4883-A633-93367D3BF1F1}.Release|Win32.Build.0 = Release|Win32
		{62AC310D-0AE3-4D92-A928-CA9291481B5A}.Debug|Win32.ActiveCfg = Debug|Win32
		{62AC310D-0AE3-4D92-A928-CA9291481B5A}.Debug|Win32.Build.0 = Debug|Win32
		{62AC310D-0AE3-4D92-A928-CA9291481B5A}.MySQL Debug|Win32.ActiveCfg = MySQL Debug|Win32
		{62AC310D-0AE3-4D92-A928-CA9291481B5A}.MySQL Debug|Win32.Build.0 = MySQL Debug|Win32
		{62AC310D-0AE3-4D92-A928-CA9291481B5A}.MySQL Release|Win32.ActiveCfg = MySQL Release|Win32
		{62AC310D-0AE3-4D92-A928-CA9291481B5A}.MySQL Release|Win32.Build.0 = MySQL Release|Win32
		{62AC310D-0AE3-4D92-A928-CA9291481B5A}.Release|Win32.ActiveCfg = Release|Win32
		{62AC310D-0AE3-4D92-A928-CA9291481B5A}.Release|Win32.Build.0 = Release|Win32
	EndGlobalSection
	GlobalSection(SolutionProperties) = preSolution
		HideSolutionNode = FALSE
	EndGlobalSection
EndGlobal
