
Microsoft Visual Studio Solution File, Format Version 10.00
# Visual Studio 2008
Project("{8BC9CEB8-8B4A-11D0-8D11-00A0C91BC942}") = "ripleycore", "ripleycore.vcproj", "{ECAF0B64-57F6-4883-A633-93367D3BF1F1}"
	ProjectSection(ProjectDependencies) = postProject
		{5B2FC0E0-8C34-48F0-A57A-C46C5187834B} = {5B2FC0E0-8C34-48F0-A57A-C46C5187834B}
	EndProjectSection
EndProject
Project("{8BC9CEB8-8B4A-11D0-8D11-00A0C91BC942}") = "RipleyServer", "RipleyServer.vcproj", "{62AC310D-0AE3-4D92-A928-CA9291481B5A}"
	ProjectSection(ProjectDependencies) = postProject
		{ECAF0B64-57F6-4883-A633-93367D3BF1F1} = {ECAF0B64-57F6-4883-A633-93367D3BF1F1}
	EndProjectSection
EndProject
Project("{FAE04EC0-301F-11D3-BF4B-00C04F79EFBC}") = "DnaIdentityWebServiceProxy", "..\Shared\DnaIdentityWebServiceProxy\DnaIdentityWebServiceProxy.csproj", "{5B2FC0E0-8C34-48F0-A57A-C46C5187834B}"
EndProject
Project("{FAE04EC0-301F-11D3-BF4B-00C04F79EFBC}") = "BBC.Dna.Utils", "..\Shared\BBC.Dna.Utils\BBC.Dna.Utils.csproj", "{52E9F388-5ED0-4D9C-9A7D-53F92EA21D1D}"
EndProject
Project("{FAE04EC0-301F-11D3-BF4B-00C04F79EFBC}") = "BBC.Dna.Data", "..\Shared\BBC.Dna.Data\BBC.Dna.Data.csproj", "{F79CF818-D597-4C2F-A61D-87773951E234}"
EndProject
Project("{FAE04EC0-301F-11D3-BF4B-00C04F79EFBC}") = "Memcached.ClientLibrary", "..\Shared\Memcached.ClientLibrary\Memcached.ClientLibrary.csproj", "{4770D032-9B06-450D-8B00-7200D8330397}"
EndProject
Global
	GlobalSection(TeamFoundationVersionControl) = preSolution
		SccNumberOfProjects = 6
		SccEnterpriseProvider = {4CA58AB2-18FA-4F8D-95D4-32DDF27D184C}
		SccTeamFoundationServer = http://vp-dev-dna-1:8080/tfs/DNATeamProjectCollection
		SccProjectUniqueName0 = RipleyServer.vcproj
		SccProjectName0 = .
		SccAuxPath0 = http://vp-dev-dna-1:8080/tfs/DNATeamProjectCollection
		SccLocalPath0 = .
		SccProvider0 = {4CA58AB2-18FA-4F8D-95D4-32DDF27D184C}
		SccProjectUniqueName1 = ripleycore.vcproj
		SccProjectName1 = .
		SccAuxPath1 = http://vp-dev-dna-1:8080/tfs/DNATeamProjectCollection
		SccLocalPath1 = .
		SccProvider1 = {4CA58AB2-18FA-4F8D-95D4-32DDF27D184C}
		SccProjectUniqueName2 = ..\\Shared\\DnaIdentityWebServiceProxy\\DnaIdentityWebServiceProxy.csproj
		SccProjectName2 = ../Shared/DnaIdentityWebServiceProxy
		SccAuxPath2 = http://vp-dev-dna-1:8080/tfs/DNATeamProjectCollection
		SccLocalPath2 = ..\\Shared\\DnaIdentityWebServiceProxy
		SccProvider2 = {4CA58AB2-18FA-4F8D-95D4-32DDF27D184C}
		SccProjectUniqueName3 = ..\\Shared\\BBC.Dna.Utils\\BBC.Dna.Utils.csproj
		SccProjectName3 = ../Shared/BBC.Dna.Utils
		SccAuxPath3 = http://vp-dev-dna-1:8080/tfs/DNATeamProjectCollection
		SccLocalPath3 = ..\\Shared\\BBC.Dna.Utils
		SccProvider3 = {4CA58AB2-18FA-4F8D-95D4-32DDF27D184C}
		SccProjectUniqueName4 = ..\\Shared\\BBC.Dna.Data\\BBC.Dna.Data.csproj
		SccProjectName4 = ../Shared/BBC.Dna.Data
		SccAuxPath4 = http://vp-dev-dna-1:8080/tfs/DNATeamProjectCollection
		SccLocalPath4 = ..\\Shared\\BBC.Dna.Data
		SccProvider4 = {4CA58AB2-18FA-4F8D-95D4-32DDF27D184C}
		SccProjectUniqueName5 = ..\\Shared\\Memcached.ClientLibrary\\Memcached.ClientLibrary.csproj
		SccProjectName5 = ../Shared/Memcached.ClientLibrary
		SccAuxPath5 = http://vp-dev-dna-1:8080/tfs/DNATeamProjectCollection
		SccLocalPath5 = ..\\Shared\\Memcached.ClientLibrary
		SccProvider5 = {4CA58AB2-18FA-4F8D-95D4-32DDF27D184C}
	EndGlobalSection
	GlobalSection(SolutionConfigurationPlatforms) = preSolution
		Debug|Any CPU = Debug|Any CPU
		Debug|Mixed Platforms = Debug|Mixed Platforms
		Debug|Win32 = Debug|Win32
		DebugSmallGuide|Any CPU = DebugSmallGuide|Any CPU
		DebugSmallGuide|Mixed Platforms = DebugSmallGuide|Mixed Platforms
		DebugSmallGuide|Win32 = DebugSmallGuide|Win32
		MySQL Debug|Any CPU = MySQL Debug|Any CPU
		MySQL Debug|Mixed Platforms = MySQL Debug|Mixed Platforms
		MySQL Debug|Win32 = MySQL Debug|Win32
		MySQL Release|Any CPU = MySQL Release|Any CPU
		MySQL Release|Mixed Platforms = MySQL Release|Mixed Platforms
		MySQL Release|Win32 = MySQL Release|Win32
		Release|Any CPU = Release|Any CPU
		Release|Mixed Platforms = Release|Mixed Platforms
		Release|Win32 = Release|Win32
	EndGlobalSection
	GlobalSection(ProjectConfigurationPlatforms) = postSolution
		{ECAF0B64-57F6-4883-A633-93367D3BF1F1}.Debug|Any CPU.ActiveCfg = Debug|Win32
		{ECAF0B64-57F6-4883-A633-93367D3BF1F1}.Debug|Mixed Platforms.ActiveCfg = Debug|Win32
		{ECAF0B64-57F6-4883-A633-93367D3BF1F1}.Debug|Mixed Platforms.Build.0 = Debug|Win32
		{ECAF0B64-57F6-4883-A633-93367D3BF1F1}.Debug|Win32.ActiveCfg = Debug|Win32
		{ECAF0B64-57F6-4883-A633-93367D3BF1F1}.Debug|Win32.Build.0 = Debug|Win32
		{ECAF0B64-57F6-4883-A633-93367D3BF1F1}.DebugSmallGuide|Any CPU.ActiveCfg = Debug|Win32
		{ECAF0B64-57F6-4883-A633-93367D3BF1F1}.DebugSmallGuide|Mixed Platforms.ActiveCfg = Debug|Win32
		{ECAF0B64-57F6-4883-A633-93367D3BF1F1}.DebugSmallGuide|Mixed Platforms.Build.0 = Debug|Win32
		{ECAF0B64-57F6-4883-A633-93367D3BF1F1}.DebugSmallGuide|Win32.ActiveCfg = Debug|Win32
		{ECAF0B64-57F6-4883-A633-93367D3BF1F1}.DebugSmallGuide|Win32.Build.0 = Debug|Win32
		{ECAF0B64-57F6-4883-A633-93367D3BF1F1}.MySQL Debug|Any CPU.ActiveCfg = Debug|Win32
		{ECAF0B64-57F6-4883-A633-93367D3BF1F1}.MySQL Debug|Mixed Platforms.ActiveCfg = Debug|Win32
		{ECAF0B64-57F6-4883-A633-93367D3BF1F1}.MySQL Debug|Mixed Platforms.Build.0 = Debug|Win32
		{ECAF0B64-57F6-4883-A633-93367D3BF1F1}.MySQL Debug|Win32.ActiveCfg = Debug|Win32
		{ECAF0B64-57F6-4883-A633-93367D3BF1F1}.MySQL Debug|Win32.Build.0 = Debug|Win32
		{ECAF0B64-57F6-4883-A633-93367D3BF1F1}.MySQL Release|Any CPU.ActiveCfg = Release|Win32
		{ECAF0B64-57F6-4883-A633-93367D3BF1F1}.MySQL Release|Mixed Platforms.ActiveCfg = Release|Win32
		{ECAF0B64-57F6-4883-A633-93367D3BF1F1}.MySQL Release|Mixed Platforms.Build.0 = Release|Win32
		{ECAF0B64-57F6-4883-A633-93367D3BF1F1}.MySQL Release|Win32.ActiveCfg = Release|Win32
		{ECAF0B64-57F6-4883-A633-93367D3BF1F1}.MySQL Release|Win32.Build.0 = Release|Win32
		{ECAF0B64-57F6-4883-A633-93367D3BF1F1}.Release|Any CPU.ActiveCfg = Release|Win32
		{ECAF0B64-57F6-4883-A633-93367D3BF1F1}.Release|Mixed Platforms.ActiveCfg = Release|Win32
		{ECAF0B64-57F6-4883-A633-93367D3BF1F1}.Release|Mixed Platforms.Build.0 = Release|Win32
		{ECAF0B64-57F6-4883-A633-93367D3BF1F1}.Release|Win32.ActiveCfg = Release|Win32
		{ECAF0B64-57F6-4883-A633-93367D3BF1F1}.Release|Win32.Build.0 = Release|Win32
		{62AC310D-0AE3-4D92-A928-CA9291481B5A}.Debug|Any CPU.ActiveCfg = Debug|Win32
		{62AC310D-0AE3-4D92-A928-CA9291481B5A}.Debug|Mixed Platforms.ActiveCfg = Debug|Win32
		{62AC310D-0AE3-4D92-A928-CA9291481B5A}.Debug|Mixed Platforms.Build.0 = Debug|Win32
		{62AC310D-0AE3-4D92-A928-CA9291481B5A}.Debug|Win32.ActiveCfg = Debug|Win32
		{62AC310D-0AE3-4D92-A928-CA9291481B5A}.Debug|Win32.Build.0 = Debug|Win32
		{62AC310D-0AE3-4D92-A928-CA9291481B5A}.DebugSmallGuide|Any CPU.ActiveCfg = Debug|Win32
		{62AC310D-0AE3-4D92-A928-CA9291481B5A}.DebugSmallGuide|Mixed Platforms.ActiveCfg = Debug|Win32
		{62AC310D-0AE3-4D92-A928-CA9291481B5A}.DebugSmallGuide|Mixed Platforms.Build.0 = Debug|Win32
		{62AC310D-0AE3-4D92-A928-CA9291481B5A}.DebugSmallGuide|Win32.ActiveCfg = Debug|Win32
		{62AC310D-0AE3-4D92-A928-CA9291481B5A}.DebugSmallGuide|Win32.Build.0 = Debug|Win32
		{62AC310D-0AE3-4D92-A928-CA9291481B5A}.MySQL Debug|Any CPU.ActiveCfg = MySQL Debug|Win32
		{62AC310D-0AE3-4D92-A928-CA9291481B5A}.MySQL Debug|Mixed Platforms.ActiveCfg = MySQL Debug|Win32
		{62AC310D-0AE3-4D92-A928-CA9291481B5A}.MySQL Debug|Mixed Platforms.Build.0 = MySQL Debug|Win32
		{62AC310D-0AE3-4D92-A928-CA9291481B5A}.MySQL Debug|Win32.ActiveCfg = MySQL Debug|Win32
		{62AC310D-0AE3-4D92-A928-CA9291481B5A}.MySQL Debug|Win32.Build.0 = MySQL Debug|Win32
		{62AC310D-0AE3-4D92-A928-CA9291481B5A}.MySQL Release|Any CPU.ActiveCfg = MySQL Release|Win32
		{62AC310D-0AE3-4D92-A928-CA9291481B5A}.MySQL Release|Mixed Platforms.ActiveCfg = MySQL Release|Win32
		{62AC310D-0AE3-4D92-A928-CA9291481B5A}.MySQL Release|Mixed Platforms.Build.0 = MySQL Release|Win32
		{62AC310D-0AE3-4D92-A928-CA9291481B5A}.MySQL Release|Win32.ActiveCfg = MySQL Release|Win32
		{62AC310D-0AE3-4D92-A928-CA9291481B5A}.MySQL Release|Win32.Build.0 = MySQL Release|Win32
		{62AC310D-0AE3-4D92-A928-CA9291481B5A}.Release|Any CPU.ActiveCfg = Release|Win32
		{62AC310D-0AE3-4D92-A928-CA9291481B5A}.Release|Mixed Platforms.ActiveCfg = Release|Win32
		{62AC310D-0AE3-4D92-A928-CA9291481B5A}.Release|Mixed Platforms.Build.0 = Release|Win32
		{62AC310D-0AE3-4D92-A928-CA9291481B5A}.Release|Win32.ActiveCfg = Release|Win32
		{62AC310D-0AE3-4D92-A928-CA9291481B5A}.Release|Win32.Build.0 = Release|Win32
		{5B2FC0E0-8C34-48F0-A57A-C46C5187834B}.Debug|Any CPU.ActiveCfg = Debug|Any CPU
		{5B2FC0E0-8C34-48F0-A57A-C46C5187834B}.Debug|Any CPU.Build.0 = Debug|Any CPU
		{5B2FC0E0-8C34-48F0-A57A-C46C5187834B}.Debug|Mixed Platforms.ActiveCfg = Debug|Any CPU
		{5B2FC0E0-8C34-48F0-A57A-C46C5187834B}.Debug|Mixed Platforms.Build.0 = Debug|Any CPU
		{5B2FC0E0-8C34-48F0-A57A-C46C5187834B}.Debug|Win32.ActiveCfg = Debug|Any CPU
		{5B2FC0E0-8C34-48F0-A57A-C46C5187834B}.Debug|Win32.Build.0 = Debug|Any CPU
		{5B2FC0E0-8C34-48F0-A57A-C46C5187834B}.DebugSmallGuide|Any CPU.ActiveCfg = Debug|Any CPU
		{5B2FC0E0-8C34-48F0-A57A-C46C5187834B}.DebugSmallGuide|Any CPU.Build.0 = Debug|Any CPU
		{5B2FC0E0-8C34-48F0-A57A-C46C5187834B}.DebugSmallGuide|Mixed Platforms.ActiveCfg = Debug|Any CPU
		{5B2FC0E0-8C34-48F0-A57A-C46C5187834B}.DebugSmallGuide|Mixed Platforms.Build.0 = Debug|Any CPU
		{5B2FC0E0-8C34-48F0-A57A-C46C5187834B}.DebugSmallGuide|Win32.ActiveCfg = Debug|Any CPU
		{5B2FC0E0-8C34-48F0-A57A-C46C5187834B}.MySQL Debug|Any CPU.ActiveCfg = Debug|Any CPU
		{5B2FC0E0-8C34-48F0-A57A-C46C5187834B}.MySQL Debug|Any CPU.Build.0 = Debug|Any CPU
		{5B2FC0E0-8C34-48F0-A57A-C46C5187834B}.MySQL Debug|Mixed Platforms.ActiveCfg = Debug|Any CPU
		{5B2FC0E0-8C34-48F0-A57A-C46C5187834B}.MySQL Debug|Mixed Platforms.Build.0 = Debug|Any CPU
		{5B2FC0E0-8C34-48F0-A57A-C46C5187834B}.MySQL Debug|Win32.ActiveCfg = Debug|Any CPU
		{5B2FC0E0-8C34-48F0-A57A-C46C5187834B}.MySQL Release|Any CPU.ActiveCfg = Release|Any CPU
		{5B2FC0E0-8C34-48F0-A57A-C46C5187834B}.MySQL Release|Any CPU.Build.0 = Release|Any CPU
		{5B2FC0E0-8C34-48F0-A57A-C46C5187834B}.MySQL Release|Mixed Platforms.ActiveCfg = Release|Any CPU
		{5B2FC0E0-8C34-48F0-A57A-C46C5187834B}.MySQL Release|Mixed Platforms.Build.0 = Release|Any CPU
		{5B2FC0E0-8C34-48F0-A57A-C46C5187834B}.MySQL Release|Win32.ActiveCfg = Release|Any CPU
		{5B2FC0E0-8C34-48F0-A57A-C46C5187834B}.Release|Any CPU.ActiveCfg = Release|Any CPU
		{5B2FC0E0-8C34-48F0-A57A-C46C5187834B}.Release|Any CPU.Build.0 = Release|Any CPU
		{5B2FC0E0-8C34-48F0-A57A-C46C5187834B}.Release|Mixed Platforms.ActiveCfg = Release|Any CPU
		{5B2FC0E0-8C34-48F0-A57A-C46C5187834B}.Release|Mixed Platforms.Build.0 = Release|Any CPU
		{5B2FC0E0-8C34-48F0-A57A-C46C5187834B}.Release|Win32.ActiveCfg = Release|Any CPU
		{5B2FC0E0-8C34-48F0-A57A-C46C5187834B}.Release|Win32.Build.0 = Release|Any CPU
		{52E9F388-5ED0-4D9C-9A7D-53F92EA21D1D}.Debug|Any CPU.ActiveCfg = Debug|Any CPU
		{52E9F388-5ED0-4D9C-9A7D-53F92EA21D1D}.Debug|Any CPU.Build.0 = Debug|Any CPU
		{52E9F388-5ED0-4D9C-9A7D-53F92EA21D1D}.Debug|Mixed Platforms.ActiveCfg = Debug|Any CPU
		{52E9F388-5ED0-4D9C-9A7D-53F92EA21D1D}.Debug|Mixed Platforms.Build.0 = Debug|Any CPU
		{52E9F388-5ED0-4D9C-9A7D-53F92EA21D1D}.Debug|Win32.ActiveCfg = Debug|Any CPU
		{52E9F388-5ED0-4D9C-9A7D-53F92EA21D1D}.Debug|Win32.Build.0 = Debug|Any CPU
		{52E9F388-5ED0-4D9C-9A7D-53F92EA21D1D}.DebugSmallGuide|Any CPU.ActiveCfg = DebugSmallGuide|Any CPU
		{52E9F388-5ED0-4D9C-9A7D-53F92EA21D1D}.DebugSmallGuide|Any CPU.Build.0 = DebugSmallGuide|Any CPU
		{52E9F388-5ED0-4D9C-9A7D-53F92EA21D1D}.DebugSmallGuide|Mixed Platforms.ActiveCfg = DebugSmallGuide|Any CPU
		{52E9F388-5ED0-4D9C-9A7D-53F92EA21D1D}.DebugSmallGuide|Mixed Platforms.Build.0 = DebugSmallGuide|Any CPU
		{52E9F388-5ED0-4D9C-9A7D-53F92EA21D1D}.DebugSmallGuide|Win32.ActiveCfg = DebugSmallGuide|Any CPU
		{52E9F388-5ED0-4D9C-9A7D-53F92EA21D1D}.MySQL Debug|Any CPU.ActiveCfg = Debug|Any CPU
		{52E9F388-5ED0-4D9C-9A7D-53F92EA21D1D}.MySQL Debug|Any CPU.Build.0 = Debug|Any CPU
		{52E9F388-5ED0-4D9C-9A7D-53F92EA21D1D}.MySQL Debug|Mixed Platforms.ActiveCfg = Debug|Any CPU
		{52E9F388-5ED0-4D9C-9A7D-53F92EA21D1D}.MySQL Debug|Mixed Platforms.Build.0 = Debug|Any CPU
		{52E9F388-5ED0-4D9C-9A7D-53F92EA21D1D}.MySQL Debug|Win32.ActiveCfg = Debug|Any CPU
		{52E9F388-5ED0-4D9C-9A7D-53F92EA21D1D}.MySQL Release|Any CPU.ActiveCfg = Release|Any CPU
		{52E9F388-5ED0-4D9C-9A7D-53F92EA21D1D}.MySQL Release|Any CPU.Build.0 = Release|Any CPU
		{52E9F388-5ED0-4D9C-9A7D-53F92EA21D1D}.MySQL Release|Mixed Platforms.ActiveCfg = Release|Any CPU
		{52E9F388-5ED0-4D9C-9A7D-53F92EA21D1D}.MySQL Release|Mixed Platforms.Build.0 = Release|Any CPU
		{52E9F388-5ED0-4D9C-9A7D-53F92EA21D1D}.MySQL Release|Win32.ActiveCfg = Release|Any CPU
		{52E9F388-5ED0-4D9C-9A7D-53F92EA21D1D}.Release|Any CPU.ActiveCfg = Release|Any CPU
		{52E9F388-5ED0-4D9C-9A7D-53F92EA21D1D}.Release|Any CPU.Build.0 = Release|Any CPU
		{52E9F388-5ED0-4D9C-9A7D-53F92EA21D1D}.Release|Mixed Platforms.ActiveCfg = Release|Any CPU
		{52E9F388-5ED0-4D9C-9A7D-53F92EA21D1D}.Release|Mixed Platforms.Build.0 = Release|Any CPU
		{52E9F388-5ED0-4D9C-9A7D-53F92EA21D1D}.Release|Win32.ActiveCfg = Release|Any CPU
		{52E9F388-5ED0-4D9C-9A7D-53F92EA21D1D}.Release|Win32.Build.0 = Release|Any CPU
		{F79CF818-D597-4C2F-A61D-87773951E234}.Debug|Any CPU.ActiveCfg = Debug|Any CPU
		{F79CF818-D597-4C2F-A61D-87773951E234}.Debug|Any CPU.Build.0 = Debug|Any CPU
		{F79CF818-D597-4C2F-A61D-87773951E234}.Debug|Mixed Platforms.ActiveCfg = Debug|Any CPU
		{F79CF818-D597-4C2F-A61D-87773951E234}.Debug|Mixed Platforms.Build.0 = Debug|Any CPU
		{F79CF818-D597-4C2F-A61D-87773951E234}.Debug|Win32.ActiveCfg = Debug|Any CPU
		{F79CF818-D597-4C2F-A61D-87773951E234}.Debug|Win32.Build.0 = Debug|Any CPU
		{F79CF818-D597-4C2F-A61D-87773951E234}.DebugSmallGuide|Any CPU.ActiveCfg = DebugSmallGuide|Any CPU
		{F79CF818-D597-4C2F-A61D-87773951E234}.DebugSmallGuide|Any CPU.Build.0 = DebugSmallGuide|Any CPU
		{F79CF818-D597-4C2F-A61D-87773951E234}.DebugSmallGuide|Mixed Platforms.ActiveCfg = DebugSmallGuide|Any CPU
		{F79CF818-D597-4C2F-A61D-87773951E234}.DebugSmallGuide|Mixed Platforms.Build.0 = DebugSmallGuide|Any CPU
		{F79CF818-D597-4C2F-A61D-87773951E234}.DebugSmallGuide|Win32.ActiveCfg = DebugSmallGuide|Any CPU
		{F79CF818-D597-4C2F-A61D-87773951E234}.MySQL Debug|Any CPU.ActiveCfg = Debug|Any CPU
		{F79CF818-D597-4C2F-A61D-87773951E234}.MySQL Debug|Any CPU.Build.0 = Debug|Any CPU
		{F79CF818-D597-4C2F-A61D-87773951E234}.MySQL Debug|Mixed Platforms.ActiveCfg = Debug|Any CPU
		{F79CF818-D597-4C2F-A61D-87773951E234}.MySQL Debug|Mixed Platforms.Build.0 = Debug|Any CPU
		{F79CF818-D597-4C2F-A61D-87773951E234}.MySQL Debug|Win32.ActiveCfg = Debug|Any CPU
		{F79CF818-D597-4C2F-A61D-87773951E234}.MySQL Release|Any CPU.ActiveCfg = Release|Any CPU
		{F79CF818-D597-4C2F-A61D-87773951E234}.MySQL Release|Any CPU.Build.0 = Release|Any CPU
		{F79CF818-D597-4C2F-A61D-87773951E234}.MySQL Release|Mixed Platforms.ActiveCfg = Release|Any CPU
		{F79CF818-D597-4C2F-A61D-87773951E234}.MySQL Release|Mixed Platforms.Build.0 = Release|Any CPU
		{F79CF818-D597-4C2F-A61D-87773951E234}.MySQL Release|Win32.ActiveCfg = Release|Any CPU
		{F79CF818-D597-4C2F-A61D-87773951E234}.Release|Any CPU.ActiveCfg = Release|Any CPU
		{F79CF818-D597-4C2F-A61D-87773951E234}.Release|Any CPU.Build.0 = Release|Any CPU
		{F79CF818-D597-4C2F-A61D-87773951E234}.Release|Mixed Platforms.ActiveCfg = Release|Any CPU
		{F79CF818-D597-4C2F-A61D-87773951E234}.Release|Mixed Platforms.Build.0 = Release|Any CPU
		{F79CF818-D597-4C2F-A61D-87773951E234}.Release|Win32.ActiveCfg = Release|Any CPU
		{F79CF818-D597-4C2F-A61D-87773951E234}.Release|Win32.Build.0 = Release|Any CPU
		{4770D032-9B06-450D-8B00-7200D8330397}.Debug|Any CPU.ActiveCfg = Debug|Any CPU
		{4770D032-9B06-450D-8B00-7200D8330397}.Debug|Any CPU.Build.0 = Debug|Any CPU
		{4770D032-9B06-450D-8B00-7200D8330397}.Debug|Mixed Platforms.ActiveCfg = Debug|Any CPU
		{4770D032-9B06-450D-8B00-7200D8330397}.Debug|Mixed Platforms.Build.0 = Debug|Any CPU
		{4770D032-9B06-450D-8B00-7200D8330397}.Debug|Win32.ActiveCfg = Debug|Any CPU
		{4770D032-9B06-450D-8B00-7200D8330397}.Debug|Win32.Build.0 = Debug|Any CPU
		{4770D032-9B06-450D-8B00-7200D8330397}.DebugSmallGuide|Any CPU.ActiveCfg = DebugSmallGuide|Any CPU
		{4770D032-9B06-450D-8B00-7200D8330397}.DebugSmallGuide|Any CPU.Build.0 = DebugSmallGuide|Any CPU
		{4770D032-9B06-450D-8B00-7200D8330397}.DebugSmallGuide|Mixed Platforms.ActiveCfg = DebugSmallGuide|Any CPU
		{4770D032-9B06-450D-8B00-7200D8330397}.DebugSmallGuide|Mixed Platforms.Build.0 = DebugSmallGuide|Any CPU
		{4770D032-9B06-450D-8B00-7200D8330397}.DebugSmallGuide|Win32.ActiveCfg = DebugSmallGuide|Any CPU
		{4770D032-9B06-450D-8B00-7200D8330397}.MySQL Debug|Any CPU.ActiveCfg = Debug|Any CPU
		{4770D032-9B06-450D-8B00-7200D8330397}.MySQL Debug|Any CPU.Build.0 = Debug|Any CPU
		{4770D032-9B06-450D-8B00-7200D8330397}.MySQL Debug|Mixed Platforms.ActiveCfg = Debug|Any CPU
		{4770D032-9B06-450D-8B00-7200D8330397}.MySQL Debug|Mixed Platforms.Build.0 = Debug|Any CPU
		{4770D032-9B06-450D-8B00-7200D8330397}.MySQL Debug|Win32.ActiveCfg = Debug|Any CPU
		{4770D032-9B06-450D-8B00-7200D8330397}.MySQL Release|Any CPU.ActiveCfg = Release|Any CPU
		{4770D032-9B06-450D-8B00-7200D8330397}.MySQL Release|Any CPU.Build.0 = Release|Any CPU
		{4770D032-9B06-450D-8B00-7200D8330397}.MySQL Release|Mixed Platforms.ActiveCfg = Release|Any CPU
		{4770D032-9B06-450D-8B00-7200D8330397}.MySQL Release|Mixed Platforms.Build.0 = Release|Any CPU
		{4770D032-9B06-450D-8B00-7200D8330397}.MySQL Release|Win32.ActiveCfg = Release|Any CPU
		{4770D032-9B06-450D-8B00-7200D8330397}.Release|Any CPU.ActiveCfg = Release|Any CPU
		{4770D032-9B06-450D-8B00-7200D8330397}.Release|Any CPU.Build.0 = Release|Any CPU
		{4770D032-9B06-450D-8B00-7200D8330397}.Release|Mixed Platforms.ActiveCfg = Release|Any CPU
		{4770D032-9B06-450D-8B00-7200D8330397}.Release|Mixed Platforms.Build.0 = Release|Any CPU
		{4770D032-9B06-450D-8B00-7200D8330397}.Release|Win32.ActiveCfg = Release|Any CPU
		{4770D032-9B06-450D-8B00-7200D8330397}.Release|Win32.Build.0 = Release|Any CPU
	EndGlobalSection
	GlobalSection(SolutionProperties) = preSolution
		HideSolutionNode = FALSE
	EndGlobalSection
EndGlobal
