
Microsoft Visual Studio Solution File, Format Version 10.00
# Visual Studio 2008
Project("{FAE04EC0-301F-11D3-BF4B-00C04F79EFBC}") = "DnaCacheFileDel", "DnaCacheFileDel\DnaCacheFileDel.csproj", "{94420804-CAC3-4EB0-B449-0B00A5CC63B9}"
EndProject
Project("{FAE04EC0-301F-11D3-BF4B-00C04F79EFBC}") = "TestDnaCacheFileDel", "TestDnaCacheFileDel\TestDnaCacheFileDel.csproj", "{ACADF199-BC7C-4E86-B669-6E042156C1FA}"
EndProject
Global
	GlobalSection(SolutionConfigurationPlatforms) = preSolution
		Debug|Any CPU = Debug|Any CPU
		Release|Any CPU = Release|Any CPU
	EndGlobalSection
	GlobalSection(ProjectConfigurationPlatforms) = postSolution
		{94420804-CAC3-4EB0-B449-0B00A5CC63B9}.Debug|Any CPU.ActiveCfg = Debug|Any CPU
		{94420804-CAC3-4EB0-B449-0B00A5CC63B9}.Debug|Any CPU.Build.0 = Debug|Any CPU
		{94420804-CAC3-4EB0-B449-0B00A5CC63B9}.Release|Any CPU.ActiveCfg = Release|Any CPU
		{94420804-CAC3-4EB0-B449-0B00A5CC63B9}.Release|Any CPU.Build.0 = Release|Any CPU
		{ACADF199-BC7C-4E86-B669-6E042156C1FA}.Debug|Any CPU.ActiveCfg = Debug|Any CPU
		{ACADF199-BC7C-4E86-B669-6E042156C1FA}.Debug|Any CPU.Build.0 = Debug|Any CPU
		{ACADF199-BC7C-4E86-B669-6E042156C1FA}.Release|Any CPU.ActiveCfg = Release|Any CPU
		{ACADF199-BC7C-4E86-B669-6E042156C1FA}.Release|Any CPU.Build.0 = Release|Any CPU
	EndGlobalSection
	GlobalSection(SolutionProperties) = preSolution
		HideSolutionNode = FALSE
	EndGlobalSection
EndGlobal
