
Microsoft Visual Studio Solution File, Format Version 10.00
# Visual Studio 2008
Project("{FAE04EC0-301F-11D3-BF4B-00C04F79EFBC}") = "GetStats", "GetStats.csproj", "{B8C86377-F410-4198-810A-5A0DDBF99EA6}"
EndProject
Global
	GlobalSection(TeamFoundationVersionControl) = preSolution
		SccNumberOfProjects = 2
		SccEnterpriseProvider = {4CA58AB2-18FA-4F8D-95D4-32DDF27D184C}
		SccTeamFoundationServer = http://vp-dev-dna-1:8080/tfs/DNATeamProjectCollection
		SccProjectUniqueName0 = GetStats.csproj
		SccLocalPath0 = .
		SccLocalPath1 = .
	EndGlobalSection
	GlobalSection(SolutionConfigurationPlatforms) = preSolution
		Debug|Any CPU = Debug|Any CPU
		Release|Any CPU = Release|Any CPU
	EndGlobalSection
	GlobalSection(ProjectConfigurationPlatforms) = postSolution
		{B8C86377-F410-4198-810A-5A0DDBF99EA6}.Debug|Any CPU.ActiveCfg = Debug|Any CPU
		{B8C86377-F410-4198-810A-5A0DDBF99EA6}.Debug|Any CPU.Build.0 = Debug|Any CPU
		{B8C86377-F410-4198-810A-5A0DDBF99EA6}.Release|Any CPU.ActiveCfg = Release|Any CPU
		{B8C86377-F410-4198-810A-5A0DDBF99EA6}.Release|Any CPU.Build.0 = Release|Any CPU
	EndGlobalSection
	GlobalSection(SolutionProperties) = preSolution
		HideSolutionNode = FALSE
	EndGlobalSection
EndGlobal
