
Microsoft Visual Studio Solution File, Format Version 10.00
# Visual Studio 2008
Project("{8BC9CEB8-8B4A-11D0-8D11-00A0C91BC942}") = "h2g2filter", "h2g2filter.vcproj", "{C8AAFC56-1341-493A-853C-11900F3C0061}"
EndProject
Global
	GlobalSection(SolutionConfigurationPlatforms) = preSolution
		Debug|Win32 = Debug|Win32
		Release|Win32 = Release|Win32
	EndGlobalSection
	GlobalSection(ProjectConfigurationPlatforms) = postSolution
		{C8AAFC56-1341-493A-853C-11900F3C0061}.Debug|Win32.ActiveCfg = Debug|Win32
		{C8AAFC56-1341-493A-853C-11900F3C0061}.Debug|Win32.Build.0 = Debug|Win32
		{C8AAFC56-1341-493A-853C-11900F3C0061}.Release|Win32.ActiveCfg = Release|Win32
		{C8AAFC56-1341-493A-853C-11900F3C0061}.Release|Win32.Build.0 = Release|Win32
	EndGlobalSection
	GlobalSection(SolutionProperties) = preSolution
		HideSolutionNode = FALSE
	EndGlobalSection
EndGlobal
