Microsoft Visual Studio Solution File, Format Version 10.00
# Visual Studio 2008
Project("{FAE04EC0-301F-11D3-BF4B-00C04F79EFBC}") = "updatesp", "updatesp.csproj", "{5A125AE6-CA71-4BF6-95E0-11AD64396233}"
EndProject
Global
	GlobalSection(TeamFoundationVersionControl) = preSolution
		SccNumberOfProjects = 1
		SccEnterpriseProvider = {4CA58AB2-18FA-4F8D-95D4-32DDF27D184C}
		SccTeamFoundationServer = http://vp-dev-dna-1:8080/
		SccLocalPath0 = .
	EndGlobalSection
	GlobalSection(SolutionConfigurationPlatforms) = preSolution
		Debug as MSBuild|Any CPU = Debug as MSBuild|Any CPU
		Debug|Any CPU = Debug|Any CPU
		Release|Any CPU = Release|Any CPU
	EndGlobalSection
	GlobalSection(ProjectConfigurationPlatforms) = postSolution
		{5A125AE6-CA71-4BF6-95E0-11AD64396233}.Debug as MSBuild|Any CPU.ActiveCfg = Debug as MSBuild|Any CPU
		{5A125AE6-CA71-4BF6-95E0-11AD64396233}.Debug as MSBuild|Any CPU.Build.0 = Debug as MSBuild|Any CPU
		{5A125AE6-CA71-4BF6-95E0-11AD64396233}.Debug|Any CPU.ActiveCfg = Debug|Any CPU
		{5A125AE6-CA71-4BF6-95E0-11AD64396233}.Debug|Any CPU.Build.0 = Debug|Any CPU
		{5A125AE6-CA71-4BF6-95E0-11AD64396233}.Release|Any CPU.ActiveCfg = Release|Any CPU
		{5A125AE6-CA71-4BF6-95E0-11AD64396233}.Release|Any CPU.Build.0 = Release|Any CPU
	EndGlobalSection
	GlobalSection(SolutionProperties) = preSolution
		HideSolutionNode = FALSE
	EndGlobalSection
EndGlobal
