<?xml version="1.0" encoding="utf-8"?>
<Project ToolsVersion="4.0" xmlns="http://schemas.microsoft.com/developer/msbuild/2003">
  <ItemGroup>
    <Filter Include="Source Files">
      <UniqueIdentifier>{ec9537cf-3c93-4098-a10d-0e2ce58d4b52}</UniqueIdentifier>
      <Extensions>cpp;c;cxx;rc;def;r;odl;idl;hpj;bat</Extensions>
    </Filter>
    <Filter Include="Header Files">
      <UniqueIdentifier>{4dcad761-ac55-434a-a08d-3980fd45546e}</UniqueIdentifier>
      <Extensions>h;hpp;hxx;hm;inl</Extensions>
    </Filter>
  </ItemGroup>
  <ItemGroup>
    <ClCompile Include="AddThreadBuilder.cpp">
      <Filter>Source Files</Filter>
    </ClCompile>
    <ClCompile Include="ArticleDiagnosticBuilder.cpp">
      <Filter>Source Files</Filter>
    </ClCompile>
    <ClCompile Include="ArticleEditForm.cpp">
      <Filter>Source Files</Filter>
    </ClCompile>
    <ClCompile Include="ArticleList.cpp">
      <Filter>Source Files</Filter>
    </ClCompile>
    <ClCompile Include="ArticleMember.cpp">
      <Filter>Source Files</Filter>
    </ClCompile>
    <ClCompile Include="ArticlePageBuilder.cpp">
      <Filter>Source Files</Filter>
    </ClCompile>
    <ClCompile Include="ArticleSearchPhrase.cpp">
      <Filter>Source Files</Filter>
    </ClCompile>
    <ClCompile Include="ArticleSearchPhraseBuilder.cpp">
      <Filter>Source Files</Filter>
    </ClCompile>
    <ClCompile Include="ArticleSubscriptionList.cpp">
      <Filter>Source Files</Filter>
    </ClCompile>
    <ClCompile Include="AssetUploadQueue.cpp">
      <Filter>Source Files</Filter>
    </ClCompile>
    <ClCompile Include="AuthorList.cpp">
      <Filter>Source Files</Filter>
    </ClCompile>
    <ClCompile Include="AutoCS.cpp">
      <Filter>Source Files</Filter>
    </ClCompile>
    <ClCompile Include="BasicSiteList.cpp">
      <Filter>Source Files</Filter>
    </ClCompile>
    <ClCompile Include="Blob.cpp">
      <Filter>Source Files</Filter>
    </ClCompile>
    <ClCompile Include="BlobBuilder.cpp">
      <Filter>Source Files</Filter>
    </ClCompile>
    <ClCompile Include="BlobTransformer.cpp">
      <Filter>Source Files</Filter>
    </ClCompile>
    <ClCompile Include="Category.cpp">
      <Filter>Source Files</Filter>
    </ClCompile>
    <ClCompile Include="CategoryBuilder.cpp">
      <Filter>Source Files</Filter>
    </ClCompile>
    <ClCompile Include="CategoryList.cpp">
      <Filter>Source Files</Filter>
    </ClCompile>
    <ClCompile Include="CategoryListBuilder.cpp">
      <Filter>Source Files</Filter>
    </ClCompile>
    <ClCompile Include="CGI.cpp">
      <Filter>Source Files</Filter>
    </ClCompile>
    <ClCompile Include="Club.cpp">
      <Filter>Source Files</Filter>
    </ClCompile>
    <ClCompile Include="ClubList.cpp">
      <Filter>Source Files</Filter>
    </ClCompile>
    <ClCompile Include="ClubListPageBuilder.cpp">
      <Filter>Source Files</Filter>
    </ClCompile>
    <ClCompile Include="ClubMember.cpp">
      <Filter>Source Files</Filter>
    </ClCompile>
    <ClCompile Include="ClubPageBuilder.cpp">
      <Filter>Source Files</Filter>
    </ClCompile>
    <ClCompile Include="ComingUpBuilder.cpp">
      <Filter>Source Files</Filter>
    </ClCompile>
    <ClCompile Include="CommentsList.cpp">
      <Filter>Source Files</Filter>
    </ClCompile>
    <ClCompile Include="Config.cpp">
      <Filter>Source Files</Filter>
    </ClCompile>
    <ClCompile Include="ContentSignifAdminBuilder.cpp">
      <Filter>Source Files</Filter>
    </ClCompile>
    <ClCompile Include="ContentSignifBuilder.cpp">
      <Filter>Source Files</Filter>
    </ClCompile>
    <ClCompile Include="ContentSignifSettings.cpp">
      <Filter>Source Files</Filter>
    </ClCompile>
    <ClCompile Include="CurrentClubs.cpp">
      <Filter>Source Files</Filter>
    </ClCompile>
    <ClCompile Include="CurrentClubsBuilder.cpp">
      <Filter>Source Files</Filter>
    </ClCompile>
    <ClCompile Include="DateRangeValidation.cpp">
      <Filter>Source Files</Filter>
    </ClCompile>
    <ClCompile Include="DBO.cpp">
      <Filter>Source Files</Filter>
    </ClCompile>
    <ClCompile Include="DBOMySQL.cpp">
      <Filter>Source Files</Filter>
    </ClCompile>
    <ClCompile Include="DBOSQLServer.cpp">
      <Filter>Source Files</Filter>
    </ClCompile>
    <ClCompile Include="DBXMLBuilder.cpp">
      <Filter>Source Files</Filter>
    </ClCompile>
    <ClCompile Include="DNAArray.cpp">
      <Filter>Source Files</Filter>
    </ClCompile>
    <ClCompile Include="DnaUrl.cpp">
      <Filter>Source Files</Filter>
    </ClCompile>
    <ClCompile Include="dynamiclist.cpp">
      <Filter>Source Files</Filter>
    </ClCompile>
    <ClCompile Include="dynamiclists.cpp">
      <Filter>Source Files</Filter>
    </ClCompile>
    <ClCompile Include="EditCategory.cpp">
      <Filter>Source Files</Filter>
    </ClCompile>
    <ClCompile Include="EditCategoryBuilder.cpp">
      <Filter>Source Files</Filter>
    </ClCompile>
    <ClCompile Include="EditorsPick.cpp">
      <Filter>Source Files</Filter>
    </ClCompile>
    <ClCompile Include="EditPostPageBuilder.cpp">
      <Filter>Source Files</Filter>
    </ClCompile>
    <ClCompile Include="EditRecentPostBuilder.cpp">
      <Filter>Source Files</Filter>
    </ClCompile>
    <ClCompile Include="EditReviewForumBuilder.cpp">
      <Filter>Source Files</Filter>
    </ClCompile>
    <ClCompile Include="EditReviewForumForm.cpp">
      <Filter>Source Files</Filter>
    </ClCompile>
    <ClCompile Include="EmailAddressFilter.cpp">
      <Filter>Source Files</Filter>
    </ClCompile>
    <ClCompile Include="EmailAlertBuilder.cpp">
      <Filter>Source Files</Filter>
    </ClCompile>
    <ClCompile Include="EMailAlertGroup.cpp">
      <Filter>Source Files</Filter>
    </ClCompile>
    <ClCompile Include="EMailAlertGroupBuilder.cpp">
      <Filter>Source Files</Filter>
    </ClCompile>
    <ClCompile Include="EmailAlertList.cpp">
      <Filter>Source Files</Filter>
    </ClCompile>
    <ClCompile Include="EmailInserts.cpp">
      <Filter>Source Files</Filter>
    </ClCompile>
    <ClCompile Include="EmailLineBreak.cpp">
      <Filter>Source Files</Filter>
    </ClCompile>
    <ClCompile Include="EMailQueueGenerator.cpp">
      <Filter>Source Files</Filter>
    </ClCompile>
    <ClCompile Include="EmailTemplate.cpp">
      <Filter>Source Files</Filter>
    </ClCompile>
    <ClCompile Include="EmailVocab.cpp">
      <Filter>Source Files</Filter>
    </ClCompile>
    <ClCompile Include="EventQueue.cpp">
      <Filter>Source Files</Filter>
    </ClCompile>
    <ClCompile Include="ExtraInfo.cpp">
      <Filter>Source Files</Filter>
    </ClCompile>
    <ClCompile Include="FailMessage.cpp">
      <Filter>Source Files</Filter>
    </ClCompile>
    <ClCompile Include="FailMessageBuilder.cpp">
      <Filter>Source Files</Filter>
    </ClCompile>
    <ClCompile Include="FastCategoryListBuilder.cpp">
      <Filter>Source Files</Filter>
    </ClCompile>
    <ClCompile Include="FixDBBuilder.cpp">
      <Filter>Source Files</Filter>
    </ClCompile>
    <ClCompile Include="FixExtraInfoBuilder.cpp">
      <Filter>Source Files</Filter>
    </ClCompile>
    <ClCompile Include="Forum.cpp">
      <Filter>Source Files</Filter>
    </ClCompile>
    <ClCompile Include="ForumModerationPageBuilder.cpp">
      <Filter>Source Files</Filter>
    </ClCompile>
    <ClCompile Include="ForumPageBuilder.cpp">
      <Filter>Source Files</Filter>
    </ClCompile>
    <ClCompile Include="ForumPostEditForm.cpp">
      <Filter>Source Files</Filter>
    </ClCompile>
    <ClCompile Include="ForumSchedule.cpp">
      <Filter>Source Files</Filter>
    </ClCompile>
    <ClCompile Include="FriendsBuilder.cpp">
      <Filter>Source Files</Filter>
    </ClCompile>
    <ClCompile Include="FrontPageBuilder.cpp">
      <Filter>Source Files</Filter>
    </ClCompile>
    <ClCompile Include="FrontpageEditor.cpp">
      <Filter>Source Files</Filter>
    </ClCompile>
    <ClCompile Include="FrontPageElement.cpp">
      <Filter>Source Files</Filter>
    </ClCompile>
    <ClCompile Include="FrontPageLayout.cpp">
      <Filter>Source Files</Filter>
    </ClCompile>
    <ClCompile Include="FrontPageLayoutBuilder.cpp">
      <Filter>Source Files</Filter>
    </ClCompile>
    <ClCompile Include="FrontPageTopicElement.cpp">
      <Filter>Source Files</Filter>
    </ClCompile>
    <ClCompile Include="FrontPageTopicElementBuilder.cpp">
      <Filter>Source Files</Filter>
    </ClCompile>
    <ClCompile Include="GeneralModerationPageBuilder.cpp">
      <Filter>Source Files</Filter>
    </ClCompile>
    <ClCompile Include="GroupManagementBuilder.cpp">
      <Filter>Source Files</Filter>
    </ClCompile>
    <ClCompile Include="Groups.cpp">
      <Filter>Source Files</Filter>
    </ClCompile>
    <ClCompile Include="GuideEntry.cpp">
      <Filter>Source Files</Filter>
    </ClCompile>
    <ClCompile Include="HierarchyNodeTyperBuilder.cpp">
      <Filter>Source Files</Filter>
    </ClCompile>
    <ClCompile Include="HierarchyTree.cpp">
      <Filter>Source Files</Filter>
    </ClCompile>
    <ClCompile Include="HierarchyTreeBuilder.cpp">
      <Filter>Source Files</Filter>
    </ClCompile>
    <ClCompile Include="HTMLTransformer.cpp">
      <Filter>Source Files</Filter>
    </ClCompile>
    <ClCompile Include="IDifDocBuilder.cpp">
      <Filter>Source Files</Filter>
    </ClCompile>
    <ClCompile Include="ImageLibrary.cpp">
      <Filter>Source Files</Filter>
    </ClCompile>
    <ClCompile Include="ImageLibraryBuilder.cpp">
      <Filter>Source Files</Filter>
    </ClCompile>
    <ClCompile Include="ImageModeration.cpp">
      <Filter>Source Files</Filter>
    </ClCompile>
    <ClCompile Include="ImageModerationBuilder.cpp">
      <Filter>Source Files</Filter>
    </ClCompile>
    <ClCompile Include="Index.cpp">
      <Filter>Source Files</Filter>
    </ClCompile>
    <ClCompile Include="IndexBuilder.cpp">
      <Filter>Source Files</Filter>
    </ClCompile>
    <ClCompile Include="Info.cpp">
      <Filter>Source Files</Filter>
    </ClCompile>
    <ClCompile Include="InfoBuilder.cpp">
      <Filter>Source Files</Filter>
    </ClCompile>
    <ClCompile Include="InputContext.cpp">
      <Filter>Source Files</Filter>
    </ClCompile>
    <ClCompile Include="InspectUserBuilder.cpp">
      <Filter>Source Files</Filter>
    </ClCompile>
    <ClCompile Include="KeyArticleEditBuilder.cpp">
      <Filter>Source Files</Filter>
    </ClCompile>
    <ClCompile Include="Link.cpp">
      <Filter>Source Files</Filter>
    </ClCompile>
    <ClCompile Include="Locations.cpp">
      <Filter>Source Files</Filter>
    </ClCompile>
    <ClCompile Include="LogoutBuilder.cpp">
      <Filter>Source Files</Filter>
    </ClCompile>
    <ClCompile Include="ManageLinksBuilder.cpp">
      <Filter>Source Files</Filter>
    </ClCompile>
    <ClCompile Include="md5_new.cpp">
      <Filter>Source Files</Filter>
    </ClCompile>
    <ClCompile Include="MediaAsset.cpp">
      <Filter>Source Files</Filter>
    </ClCompile>
    <ClCompile Include="MediaAssetBuilder.cpp">
      <Filter>Source Files</Filter>
    </ClCompile>
    <ClCompile Include="MediaAssetModController.cpp">
      <Filter>Source Files</Filter>
    </ClCompile>
    <ClCompile Include="MediaAssetSearchPhrase.cpp">
      <Filter>Source Files</Filter>
    </ClCompile>
    <ClCompile Include="MediaAssetSearchPhraseBuilder.cpp">
      <Filter>Source Files</Filter>
    </ClCompile>
    <ClCompile Include="MemberDetailsPageBuilder.cpp">
      <Filter>Source Files</Filter>
    </ClCompile>
    <ClCompile Include="MembersHomePageBuilder.cpp">
      <Filter>Source Files</Filter>
    </ClCompile>
    <ClCompile Include="MessageBoardAdmin.cpp">
      <Filter>Source Files</Filter>
    </ClCompile>
    <ClCompile Include="MessageBoardAdminBuilder.cpp">
      <Filter>Source Files</Filter>
    </ClCompile>
    <ClCompile Include="MessageBoardPromo.cpp">
      <Filter>Source Files</Filter>
    </ClCompile>
    <ClCompile Include="MessageBoardPromoBuilder.cpp">
      <Filter>Source Files</Filter>
    </ClCompile>
    <ClCompile Include="MessageBoardSchedulePageBuilder.cpp">
      <Filter>Source Files</Filter>
    </ClCompile>
    <ClCompile Include="MessageboardStats.cpp">
      <Filter>Source Files</Filter>
    </ClCompile>
    <ClCompile Include="MessageboardStatsBuilder.cpp">
      <Filter>Source Files</Filter>
    </ClCompile>
    <ClCompile Include="MessageBoardTransfer.cpp">
      <Filter>Source Files</Filter>
    </ClCompile>
    <ClCompile Include="MessageBoardTransferBuilder.cpp">
      <Filter>Source Files</Filter>
    </ClCompile>
    <ClCompile Include="ModAlertsCheckerBuilder.cpp">
      <Filter>Source Files</Filter>
    </ClCompile>
    <ClCompile Include="ModBillingBuilder.cpp">
      <Filter>Source Files</Filter>
    </ClCompile>
    <ClCompile Include="ModComplaintsStats.cpp">
      <Filter>Source Files</Filter>
    </ClCompile>
    <ClCompile Include="ModerateArticlePageBuilder.cpp">
      <Filter>Source Files</Filter>
    </ClCompile>
    <ClCompile Include="ModerateHomePageBuilder.cpp">
      <Filter>Source Files</Filter>
    </ClCompile>
    <ClCompile Include="ModerateMediaAssetsBuilder.cpp">
      <Filter>Source Files</Filter>
    </ClCompile>
    <ClCompile Include="ModerateNickNames.cpp">
      <Filter>Source Files</Filter>
    </ClCompile>
    <ClCompile Include="ModerateNickNamesBuilder.cpp">
      <Filter>Source Files</Filter>
    </ClCompile>
    <ClCompile Include="ModeratePosts.cpp">
      <Filter>Source Files</Filter>
    </ClCompile>
    <ClCompile Include="ModerationClasses.cpp">
      <Filter>Source Files</Filter>
    </ClCompile>
    <ClCompile Include="ModerationDistressMessages.cpp">
      <Filter>Source Files</Filter>
    </ClCompile>
    <ClCompile Include="ModerationEmail.cpp">
      <Filter>Source Files</Filter>
    </ClCompile>
    <ClCompile Include="ModerationEmailManagementBuilder.cpp">
      <Filter>Source Files</Filter>
    </ClCompile>
    <ClCompile Include="ModerationHistoryBuilder.cpp">
      <Filter>Source Files</Filter>
    </ClCompile>
    <ClCompile Include="ModerationStatusPageBuilder.cpp">
      <Filter>Source Files</Filter>
    </ClCompile>
    <ClCompile Include="ModeratorInfo.cpp">
      <Filter>Source Files</Filter>
    </ClCompile>
    <ClCompile Include="ModeratorListBuilder.cpp">
      <Filter>Source Files</Filter>
    </ClCompile>
    <ClCompile Include="ModeratorManagementBuilder.cpp">
      <Filter>Source Files</Filter>
    </ClCompile>
    <ClCompile Include="ModManageFastModBuilder.cpp">
      <Filter>Source Files</Filter>
    </ClCompile>
    <ClCompile Include="ModQueueStat.cpp">
      <Filter>Source Files</Filter>
    </ClCompile>
    <ClCompile Include="ModReasons.cpp">
      <Filter>Source Files</Filter>
    </ClCompile>
    <ClCompile Include="ModStats.cpp">
      <Filter>Source Files</Filter>
    </ClCompile>
    <ClCompile Include="ModTriggers.cpp">
      <Filter>Source Files</Filter>
    </ClCompile>
    <ClCompile Include="MonthSummary.cpp">
      <Filter>Source Files</Filter>
    </ClCompile>
    <ClCompile Include="MonthSummaryPageBuilder.cpp">
      <Filter>Source Files</Filter>
    </ClCompile>
    <ClCompile Include="MoreJournalBuilder.cpp">
      <Filter>Source Files</Filter>
    </ClCompile>
    <ClCompile Include="MorePagesBuilder.cpp">
      <Filter>Source Files</Filter>
    </ClCompile>
    <ClCompile Include="MorePostsBuilder.cpp">
      <Filter>Source Files</Filter>
    </ClCompile>
    <ClCompile Include="MoveThreadForm.cpp">
      <Filter>Source Files</Filter>
    </ClCompile>
    <ClCompile Include="MoveThreadPageBuilder.cpp">
      <Filter>Source Files</Filter>
    </ClCompile>
    <ClCompile Include="MultiStep.cpp">
      <Filter>Source Files</Filter>
    </ClCompile>
    <ClCompile Include="NewEmailBuilder.cpp">
      <Filter>Source Files</Filter>
    </ClCompile>
    <ClCompile Include="NewRegisterBuilder.cpp">
      <Filter>Source Files</Filter>
    </ClCompile>
    <ClCompile Include="NewUserDetailsPageBuilder.cpp">
      <Filter>Source Files</Filter>
    </ClCompile>
    <ClCompile Include="NewUsersPageBuilder.cpp">
      <Filter>Source Files</Filter>
    </ClCompile>
    <ClCompile Include="NickNameModerationPageBuilder.cpp">
      <Filter>Source Files</Filter>
    </ClCompile>
    <ClCompile Include="NotFoundBuilder.cpp">
      <Filter>Source Files</Filter>
    </ClCompile>
    <ClCompile Include="Notice.cpp">
      <Filter>Source Files</Filter>
    </ClCompile>
    <ClCompile Include="NoticeBoardBuilder.cpp">
      <Filter>Source Files</Filter>
    </ClCompile>
    <ClCompile Include="NoticeBoardList.cpp">
      <Filter>Source Files</Filter>
    </ClCompile>
    <ClCompile Include="NoticeBoardListBuilder.cpp">
      <Filter>Source Files</Filter>
    </ClCompile>
    <ClCompile Include="OutputContext.cpp">
      <Filter>Source Files</Filter>
    </ClCompile>
    <ClCompile Include="PageBody.cpp">
      <Filter>Source Files</Filter>
    </ClCompile>
    <ClCompile Include="PageUI.cpp">
      <Filter>Source Files</Filter>
    </ClCompile>
    <ClCompile Include="PipeHandles.cpp">
      <Filter>Source Files</Filter>
    </ClCompile>
    <ClCompile Include="poll.cpp">
      <Filter>Source Files</Filter>
    </ClCompile>
    <ClCompile Include="PollBuilder.cpp">
      <Filter>Source Files</Filter>
    </ClCompile>
    <ClCompile Include="PollContentRating.cpp">
      <Filter>Source Files</Filter>
    </ClCompile>
    <ClCompile Include="PolliCanClub.cpp">
      <Filter>Source Files</Filter>
    </ClCompile>
    <ClCompile Include="PollNoticeBoard.cpp">
      <Filter>Source Files</Filter>
    </ClCompile>
    <ClCompile Include="polls.cpp">
      <Filter>Source Files</Filter>
    </ClCompile>
    <ClCompile Include="PostcodeBuilder.cpp">
      <Filter>Source Files</Filter>
    </ClCompile>
    <ClCompile Include="PostCodeParser.cpp">
      <Filter>Source Files</Filter>
    </ClCompile>
    <ClCompile Include="Postcoder.cpp">
      <Filter>Source Files</Filter>
    </ClCompile>
    <ClCompile Include="PostJournalBuilder.cpp">
      <Filter>Source Files</Filter>
    </ClCompile>
    <ClCompile Include="PostList.cpp">
      <Filter>Source Files</Filter>
    </ClCompile>
    <ClCompile Include="ProcessRecommendationForm.cpp">
      <Filter>Source Files</Filter>
    </ClCompile>
    <ClCompile Include="ProcessRecommendationPageBuilder.cpp">
      <Filter>Source Files</Filter>
    </ClCompile>
    <ClCompile Include="ProcessRunner.cpp">
      <Filter>Source Files</Filter>
    </ClCompile>
    <ClCompile Include="Profanity.cpp">
      <Filter>Source Files</Filter>
    </ClCompile>
    <ClCompile Include="ProfanityAdmin.cpp">
      <Filter>Source Files</Filter>
    </ClCompile>
    <ClCompile Include="ProfanityAdminPageBuilder.cpp">
      <Filter>Source Files</Filter>
    </ClCompile>
    <ClCompile Include="ProfanityFilter.cpp">
      <Filter>Source Files</Filter>
    </ClCompile>
    <ClCompile Include="ProfanityGroup.cpp">
      <Filter>Source Files</Filter>
    </ClCompile>
    <ClCompile Include="ProfanityGroupList.cpp">
      <Filter>Source Files</Filter>
    </ClCompile>
    <ClCompile Include="ProfanityList.cpp">
      <Filter>Source Files</Filter>
    </ClCompile>
    <ClCompile Include="ProfileConnection.cpp">
      <Filter>Source Files</Filter>
    </ClCompile>
    <ClCompile Include="ProfileConnectionPool.cpp">
      <Filter>Source Files</Filter>
    </ClCompile>
    <ClCompile Include="RandomArticle.cpp">
      <Filter>Source Files</Filter>
    </ClCompile>
    <ClCompile Include="RecentSearch.cpp">
      <Filter>Source Files</Filter>
    </ClCompile>
    <ClCompile Include="RecommendEntryForm.cpp">
      <Filter>Source Files</Filter>
    </ClCompile>
    <ClCompile Include="RecommendEntryPageBuilder.cpp">
      <Filter>Source Files</Filter>
    </ClCompile>
    <ClCompile Include="RefereeList.cpp">
      <Filter>Source Files</Filter>
    </ClCompile>
    <ClCompile Include="RegisterBuilder.cpp">
      <Filter>Source Files</Filter>
    </ClCompile>
    <ClCompile Include="RegisterObject.cpp">
      <Filter>Source Files</Filter>
    </ClCompile>
    <ClCompile Include="ReservedArticlesBuilder.cpp">
      <Filter>Source Files</Filter>
    </ClCompile>
    <ClCompile Include="ReviewForum.cpp">
      <Filter>Source Files</Filter>
    </ClCompile>
    <ClCompile Include="ReviewForumBuilder.cpp">
      <Filter>Source Files</Filter>
    </ClCompile>
    <ClCompile Include="ReviewSubmissionForum.cpp">
      <Filter>Source Files</Filter>
    </ClCompile>
    <ClCompile Include="Ripley.cpp">
      <Filter>Source Files</Filter>
    </ClCompile>
    <ClCompile Include="Ripley_GetBuilder.cpp">
      <Filter>Source Files</Filter>
    </ClCompile>
    <ClCompile Include="Ripley_GetTransformer.cpp">
      <Filter>Source Files</Filter>
    </ClCompile>
    <ClCompile Include="RipleyStatistics.cpp">
      <Filter>Source Files</Filter>
    </ClCompile>
    <ClCompile Include="ScoutRecommendationsForm.cpp">
      <Filter>Source Files</Filter>
    </ClCompile>
    <ClCompile Include="ScoutRecommendationsPageBuilder.cpp">
      <Filter>Source Files</Filter>
    </ClCompile>
    <ClCompile Include="Search.cpp">
      <Filter>Source Files</Filter>
    </ClCompile>
    <ClCompile Include="SearchBuilder.cpp">
      <Filter>Source Files</Filter>
    </ClCompile>
    <ClCompile Include="ShareAndEnjoyBuilder.cpp">
      <Filter>Source Files</Filter>
    </ClCompile>
    <ClCompile Include="SignalBuilder.cpp">
      <Filter>Source Files</Filter>
    </ClCompile>
    <ClCompile Include="SignifContent.cpp">
      <Filter>Source Files</Filter>
    </ClCompile>
    <ClCompile Include="SimpleFtp.cpp">
      <Filter>Source Files</Filter>
    </ClCompile>
    <ClCompile Include="Site.cpp">
      <Filter>Source Files</Filter>
    </ClCompile>
    <ClCompile Include="SiteAdminBuilder.cpp">
      <Filter>Source Files</Filter>
    </ClCompile>
    <ClCompile Include="SiteConfig.cpp">
      <Filter>Source Files</Filter>
    </ClCompile>
    <ClCompile Include="SiteConfigBuilder.cpp">
      <Filter>Source Files</Filter>
    </ClCompile>
    <ClCompile Include="SiteConfigPreview.cpp">
      <Filter>Source Files</Filter>
    </ClCompile>
    <ClCompile Include="SiteConfigPreviewBuilder.cpp">
      <Filter>Source Files</Filter>
    </ClCompile>
    <ClCompile Include="SiteData.cpp">
      <Filter>Source Files</Filter>
    </ClCompile>
    <ClCompile Include="SiteList.cpp">
      <Filter>Source Files</Filter>
    </ClCompile>
    <ClCompile Include="SiteOpenCloseSchedule.cpp">
      <Filter>Source Files</Filter>
    </ClCompile>
    <ClCompile Include="SiteOpenCloseTime.cpp">
      <Filter>Source Files</Filter>
    </ClCompile>
    <ClCompile Include="SiteOption.cpp">
      <Filter>Source Files</Filter>
    </ClCompile>
    <ClCompile Include="SiteOptions.cpp">
      <Filter>Source Files</Filter>
    </ClCompile>
    <ClCompile Include="SiteOptionsBuilder.cpp">
      <Filter>Source Files</Filter>
    </ClCompile>
    <ClCompile Include="SkinDetails.cpp">
      <Filter>Source Files</Filter>
    </ClCompile>
    <ClCompile Include="SkinSelector.cpp">
      <Filter>Source Files</Filter>
    </ClCompile>
    <ClCompile Include="SmileyList.cpp">
      <Filter>Source Files</Filter>
    </ClCompile>
    <ClCompile Include="SmileyTranslator.cpp">
      <Filter>Source Files</Filter>
    </ClCompile>
    <ClCompile Include="SSOBuilder.cpp">
      <Filter>Source Files</Filter>
    </ClCompile>
    <ClCompile Include="StatsBuilder.cpp">
      <Filter>Source Files</Filter>
    </ClCompile>
    <ClCompile Include="StatusBuilder.cpp">
      <Filter>Source Files</Filter>
    </ClCompile>
    <ClCompile Include="StdAfx.cpp">
      <Filter>Source Files</Filter>
    </ClCompile>
    <ClCompile Include="StoredProcedure.cpp">
      <Filter>Source Files</Filter>
    </ClCompile>
    <ClCompile Include="StoredProcedureBase.cpp">
      <Filter>Source Files</Filter>
    </ClCompile>
    <ClCompile Include="SubAllocationForm.cpp">
      <Filter>Source Files</Filter>
    </ClCompile>
    <ClCompile Include="SubArticleStatusBuilder.cpp">
      <Filter>Source Files</Filter>
    </ClCompile>
    <ClCompile Include="SubbedArticlesPageBuilder.cpp">
      <Filter>Source Files</Filter>
    </ClCompile>
    <ClCompile Include="SubEditorAllocationPageBuilder.cpp">
      <Filter>Source Files</Filter>
    </ClCompile>
    <ClCompile Include="SubmitReviewForumBuilder.cpp">
      <Filter>Source Files</Filter>
    </ClCompile>
    <ClCompile Include="SubmitSubbedEntryForm.cpp">
      <Filter>Source Files</Filter>
    </ClCompile>
    <ClCompile Include="SubmitSubbedEntryPageBuilder.cpp">
      <Filter>Source Files</Filter>
    </ClCompile>
    <ClCompile Include="SubNotificationEmail.cpp">
      <Filter>Source Files</Filter>
    </ClCompile>
    <ClCompile Include="SystemMessageMailbox.cpp">
      <Filter>Source Files</Filter>
    </ClCompile>
    <ClCompile Include="SystemMessageMailboxBuilder.cpp">
      <Filter>Source Files</Filter>
    </ClCompile>
    <ClCompile Include="TagItem.cpp">
      <Filter>Source Files</Filter>
    </ClCompile>
    <ClCompile Include="TagItemBuilder.cpp">
      <Filter>Source Files</Filter>
    </ClCompile>
    <ClCompile Include="tdvassert.cpp">
      <Filter>Source Files</Filter>
    </ClCompile>
    <ClCompile Include="TDVDateTime.cpp">
      <Filter>Source Files</Filter>
    </ClCompile>
    <ClCompile Include="TDVString.cpp">
      <Filter>Source Files</Filter>
    </ClCompile>
    <ClCompile Include="Team.cpp">
      <Filter>Source Files</Filter>
    </ClCompile>
    <ClCompile Include="TeamListPageBuilder.cpp">
      <Filter>Source Files</Filter>
    </ClCompile>
    <ClCompile Include="TestArticleXML.cpp">
      <Filter>Source Files</Filter>
    </ClCompile>
    <ClCompile Include="TestHTMLTransformer.cpp">
      <Filter>Source Files</Filter>
    </ClCompile>
    <ClCompile Include="TestXMLBuilder.cpp">
      <Filter>Source Files</Filter>
    </ClCompile>
    <ClCompile Include="TextBoxElement.cpp">
      <Filter>Source Files</Filter>
    </ClCompile>
    <ClCompile Include="TextBoxElementBuilder.cpp">
      <Filter>Source Files</Filter>
    </ClCompile>
    <ClCompile Include="ThreadSearchPhrase.cpp">
      <Filter>Source Files</Filter>
    </ClCompile>
    <ClCompile Include="ThreadSearchPhraseBuilder.cpp">
      <Filter>Source Files</Filter>
    </ClCompile>
    <ClCompile Include="ThroughputTransformer.cpp">
      <Filter>Source Files</Filter>
    </ClCompile>
    <ClCompile Include="TimeZoneManager.cpp">
      <Filter>Source Files</Filter>
    </ClCompile>
    <ClCompile Include="TopFiveEditor.cpp">
      <Filter>Source Files</Filter>
    </ClCompile>
    <ClCompile Include="TopFives.cpp">
      <Filter>Source Files</Filter>
    </ClCompile>
    <ClCompile Include="Topic.cpp">
      <Filter>Source Files</Filter>
    </ClCompile>
    <ClCompile Include="TopicBuilder.cpp">
      <Filter>Source Files</Filter>
    </ClCompile>
    <ClCompile Include="TransmissionBuilder.cpp">
      <Filter>Source Files</Filter>
    </ClCompile>
    <ClCompile Include="TypedArticleBuilder.cpp">
      <Filter>Source Files</Filter>
    </ClCompile>
    <ClCompile Include="UnauthorisedBuilder.cpp">
      <Filter>Source Files</Filter>
    </ClCompile>
    <ClCompile Include="Upload.cpp">
      <Filter>Source Files</Filter>
    </ClCompile>
    <ClCompile Include="UploadedImage.cpp">
      <Filter>Source Files</Filter>
    </ClCompile>
    <ClCompile Include="UploadedObject.cpp">
      <Filter>Source Files</Filter>
    </ClCompile>
    <ClCompile Include="UploadPageBuilder.cpp">
      <Filter>Source Files</Filter>
    </ClCompile>
    <ClCompile Include="URLFilter.cpp">
      <Filter>Source Files</Filter>
    </ClCompile>
    <ClCompile Include="URLFilterAdmin.cpp">
      <Filter>Source Files</Filter>
    </ClCompile>
    <ClCompile Include="URLFilterAdminBuilder.cpp">
      <Filter>Source Files</Filter>
    </ClCompile>
    <ClCompile Include="URLFilterList.cpp">
      <Filter>Source Files</Filter>
    </ClCompile>
    <ClCompile Include="User.cpp">
      <Filter>Source Files</Filter>
    </ClCompile>
    <ClCompile Include="UserComplaintPageBuilder.cpp">
      <Filter>Source Files</Filter>
    </ClCompile>
    <ClCompile Include="UserEditPageBuilder.cpp">
      <Filter>Source Files</Filter>
    </ClCompile>
    <ClCompile Include="usergroups.cpp">
      <Filter>Source Files</Filter>
    </ClCompile>
    <ClCompile Include="UserList.cpp">
      <Filter>Source Files</Filter>
    </ClCompile>
    <ClCompile Include="UserPageBuilder.cpp">
      <Filter>Source Files</Filter>
    </ClCompile>
    <ClCompile Include="UserPrivacy.cpp">
      <Filter>Source Files</Filter>
    </ClCompile>
    <ClCompile Include="UserPrivacyBuilder.cpp">
      <Filter>Source Files</Filter>
    </ClCompile>
    <ClCompile Include="UsersTags.cpp">
      <Filter>Source Files</Filter>
    </ClCompile>
    <ClCompile Include="UserStatisticsPageBuilder.cpp">
      <Filter>Source Files</Filter>
    </ClCompile>
    <ClCompile Include="UserStatuses.cpp">
      <Filter>Source Files</Filter>
    </ClCompile>
    <ClCompile Include="UserTags.cpp">
      <Filter>Source Files</Filter>
    </ClCompile>
    <ClCompile Include="Vote.cpp">
      <Filter>Source Files</Filter>
    </ClCompile>
    <ClCompile Include="VotePageBuilder.cpp">
      <Filter>Source Files</Filter>
    </ClCompile>
    <ClCompile Include="WatchList.cpp">
      <Filter>Source Files</Filter>
    </ClCompile>
    <ClCompile Include="WholePage.cpp">
      <Filter>Source Files</Filter>
    </ClCompile>
    <ClCompile Include="WhosOnlineBuilder.cpp">
      <Filter>Source Files</Filter>
    </ClCompile>
    <ClCompile Include="WhosOnlineObject.cpp">
      <Filter>Source Files</Filter>
    </ClCompile>
    <ClCompile Include="XMLBuilder.cpp">
      <Filter>Source Files</Filter>
    </ClCompile>
    <ClCompile Include="XMLCookie.cpp">
      <Filter>Source Files</Filter>
    </ClCompile>
    <ClCompile Include="XMLDate.cpp">
      <Filter>Source Files</Filter>
    </ClCompile>
    <ClCompile Include="XMLError.cpp">
      <Filter>Source Files</Filter>
    </ClCompile>
    <ClCompile Include="XMLObject.cpp">
      <Filter>Source Files</Filter>
    </ClCompile>
    <ClCompile Include="XMLStringUtils.cpp">
      <Filter>Source Files</Filter>
    </ClCompile>
    <ClCompile Include="XMLTransformer.cpp">
      <Filter>Source Files</Filter>
    </ClCompile>
    <ClCompile Include="XMLTree.cpp">
      <Filter>Source Files</Filter>
    </ClCompile>
    <ClCompile Include="XSLT.cpp">
      <Filter>Source Files</Filter>
    </ClCompile>
  </ItemGroup>
  <ItemGroup>
    <ClInclude Include="SiteOptions.h">
      <Filter>Source Files</Filter>
    </ClInclude>
    <ClInclude Include="SiteOptionsBuilder.h">
      <Filter>Source Files</Filter>
    </ClInclude>
    <ClInclude Include="AddThreadBuilder.h">
      <Filter>Header Files</Filter>
    </ClInclude>
    <ClInclude Include="ArticleDiagnosticBuilder.h">
      <Filter>Header Files</Filter>
    </ClInclude>
    <ClInclude Include="ArticleEditForm.h">
      <Filter>Header Files</Filter>
    </ClInclude>
    <ClInclude Include="ArticleList.h">
      <Filter>Header Files</Filter>
    </ClInclude>
    <ClInclude Include="ArticleMember.h">
      <Filter>Header Files</Filter>
    </ClInclude>
    <ClInclude Include="ArticlePageBuilder.h">
      <Filter>Header Files</Filter>
    </ClInclude>
    <ClInclude Include="ArticleSearchPhrase.h">
      <Filter>Header Files</Filter>
    </ClInclude>
    <ClInclude Include="ArticleSearchPhraseBuilder.h">
      <Filter>Header Files</Filter>
    </ClInclude>
    <ClInclude Include="ArticleSubscriptionList.h">
      <Filter>Header Files</Filter>
    </ClInclude>
    <ClInclude Include="AssetUploadQueue.h">
      <Filter>Header Files</Filter>
    </ClInclude>
    <ClInclude Include="AuthorList.h">
      <Filter>Header Files</Filter>
    </ClInclude>
    <ClInclude Include="AutoCS.h">
      <Filter>Header Files</Filter>
    </ClInclude>
    <ClInclude Include="BasicSiteList.h">
      <Filter>Header Files</Filter>
    </ClInclude>
    <ClInclude Include="Blob.h">
      <Filter>Header Files</Filter>
    </ClInclude>
    <ClInclude Include="BlobBuilder.h">
      <Filter>Header Files</Filter>
    </ClInclude>
    <ClInclude Include="BlobTransformer.h">
      <Filter>Header Files</Filter>
    </ClInclude>
    <ClInclude Include="Category.h">
      <Filter>Header Files</Filter>
    </ClInclude>
    <ClInclude Include="CategoryBuilder.h">
      <Filter>Header Files</Filter>
    </ClInclude>
    <ClInclude Include="CategoryList.h">
      <Filter>Header Files</Filter>
    </ClInclude>
    <ClInclude Include="CategoryListBuilder.h">
      <Filter>Header Files</Filter>
    </ClInclude>
    <ClInclude Include="CGI.h">
      <Filter>Header Files</Filter>
    </ClInclude>
    <ClInclude Include="Club.h">
      <Filter>Header Files</Filter>
    </ClInclude>
    <ClInclude Include="ClubList.h">
      <Filter>Header Files</Filter>
    </ClInclude>
    <ClInclude Include="ClubListPageBuilder.h">
      <Filter>Header Files</Filter>
    </ClInclude>
    <ClInclude Include="ClubMember.h">
      <Filter>Header Files</Filter>
    </ClInclude>
    <ClInclude Include="ClubPageBuilder.h">
      <Filter>Header Files</Filter>
    </ClInclude>
    <ClInclude Include="ComingUpBuilder.h">
      <Filter>Header Files</Filter>
    </ClInclude>
    <ClInclude Include="CommentsList.h">
      <Filter>Header Files</Filter>
    </ClInclude>
    <ClInclude Include="Config.h">
      <Filter>Header Files</Filter>
    </ClInclude>
    <ClInclude Include="ContentSignifAdminBuilder.h">
      <Filter>Header Files</Filter>
    </ClInclude>
    <ClInclude Include="ContentSignifBuilder.h">
      <Filter>Header Files</Filter>
    </ClInclude>
    <ClInclude Include="ContentSignifSettings.h">
      <Filter>Header Files</Filter>
    </ClInclude>
    <ClInclude Include="CurrentClubs.h">
      <Filter>Header Files</Filter>
    </ClInclude>
    <ClInclude Include="CurrentClubsBuilder.h">
      <Filter>Header Files</Filter>
    </ClInclude>
    <ClInclude Include="DateRangeValidation.h">
      <Filter>Header Files</Filter>
    </ClInclude>
    <ClInclude Include="DBO.h">
      <Filter>Header Files</Filter>
    </ClInclude>
    <ClInclude Include="DBOMySQL.h">
      <Filter>Header Files</Filter>
    </ClInclude>
    <ClInclude Include="DBOSQLServer.h">
      <Filter>Header Files</Filter>
    </ClInclude>
    <ClInclude Include="DBXMLBuilder.h">
      <Filter>Header Files</Filter>
    </ClInclude>
    <ClInclude Include="DNAArray.h">
      <Filter>Header Files</Filter>
    </ClInclude>
    <ClInclude Include="DnaUrl.h">
      <Filter>Header Files</Filter>
    </ClInclude>
    <ClInclude Include="dynamiclist.h">
      <Filter>Header Files</Filter>
    </ClInclude>
    <ClInclude Include="dynamiclists.h">
      <Filter>Header Files</Filter>
    </ClInclude>
    <ClInclude Include="EditCategory.h">
      <Filter>Header Files</Filter>
    </ClInclude>
    <ClInclude Include="EditCategoryBuilder.h">
      <Filter>Header Files</Filter>
    </ClInclude>
    <ClInclude Include="EditorsPick.h">
      <Filter>Header Files</Filter>
    </ClInclude>
    <ClInclude Include="EditPostPageBuilder.h">
      <Filter>Header Files</Filter>
    </ClInclude>
    <ClInclude Include="EditRecentPostBuilder.h">
      <Filter>Header Files</Filter>
    </ClInclude>
    <ClInclude Include="EditReviewForumBuilder.h">
      <Filter>Header Files</Filter>
    </ClInclude>
    <ClInclude Include="EditReviewForumForm.h">
      <Filter>Header Files</Filter>
    </ClInclude>
    <ClInclude Include="EmailAddressFilter.h">
      <Filter>Header Files</Filter>
    </ClInclude>
    <ClInclude Include="EmailAlertBuilder.h">
      <Filter>Header Files</Filter>
    </ClInclude>
    <ClInclude Include="EmailAlertGroup.h">
      <Filter>Header Files</Filter>
    </ClInclude>
    <ClInclude Include="EMailAlertGroupBuilder.h">
      <Filter>Header Files</Filter>
    </ClInclude>
    <ClInclude Include="EmailAlertList.h">
      <Filter>Header Files</Filter>
    </ClInclude>
    <ClInclude Include="EmailInserts.h">
      <Filter>Header Files</Filter>
    </ClInclude>
    <ClInclude Include="EmailLineBreak.h">
      <Filter>Header Files</Filter>
    </ClInclude>
    <ClInclude Include="EMailQueueGenerator.h">
      <Filter>Header Files</Filter>
    </ClInclude>
    <ClInclude Include="EmailTemplate.h">
      <Filter>Header Files</Filter>
    </ClInclude>
    <ClInclude Include="EmailVocab.h">
      <Filter>Header Files</Filter>
    </ClInclude>
    <ClInclude Include="EventQueue.h">
      <Filter>Header Files</Filter>
    </ClInclude>
    <ClInclude Include="ExtraInfo.h">
      <Filter>Header Files</Filter>
    </ClInclude>
    <ClInclude Include="FailMessage.h">
      <Filter>Header Files</Filter>
    </ClInclude>
    <ClInclude Include="FailMessageBuilder.h">
      <Filter>Header Files</Filter>
    </ClInclude>
    <ClInclude Include="FastCategoryListBuilder.h">
      <Filter>Header Files</Filter>
    </ClInclude>
    <ClInclude Include="FixDBBuilder.h">
      <Filter>Header Files</Filter>
    </ClInclude>
    <ClInclude Include="FixExtraInfoBuilder.h">
      <Filter>Header Files</Filter>
    </ClInclude>
    <ClInclude Include="Forum.h">
      <Filter>Header Files</Filter>
    </ClInclude>
    <ClInclude Include="ForumModerationPageBuilder.h">
      <Filter>Header Files</Filter>
    </ClInclude>
    <ClInclude Include="ForumPageBuilder.h">
      <Filter>Header Files</Filter>
    </ClInclude>
    <ClInclude Include="ForumPostEditForm.h">
      <Filter>Header Files</Filter>
    </ClInclude>
    <ClInclude Include="ForumSchedule.h">
      <Filter>Header Files</Filter>
    </ClInclude>
    <ClInclude Include="FriendsBuilder.h">
      <Filter>Header Files</Filter>
    </ClInclude>
    <ClInclude Include="FrontPageBuilder.h">
      <Filter>Header Files</Filter>
    </ClInclude>
    <ClInclude Include="FrontpageEditor.h">
      <Filter>Header Files</Filter>
    </ClInclude>
    <ClInclude Include="FrontPageElement.h">
      <Filter>Header Files</Filter>
    </ClInclude>
    <ClInclude Include="FrontPageLayout.h">
      <Filter>Header Files</Filter>
    </ClInclude>
    <ClInclude Include="FrontPageLayoutBuilder.h">
      <Filter>Header Files</Filter>
    </ClInclude>
    <ClInclude Include="FrontPageTopicElement.h">
      <Filter>Header Files</Filter>
    </ClInclude>
    <ClInclude Include="FrontPageTopicElementBuilder.h">
      <Filter>Header Files</Filter>
    </ClInclude>
    <ClInclude Include="GeneralModerationPageBuilder.h">
      <Filter>Header Files</Filter>
    </ClInclude>
    <ClInclude Include="GroupManagementBuilder.h">
      <Filter>Header Files</Filter>
    </ClInclude>
    <ClInclude Include="Groups.h">
      <Filter>Header Files</Filter>
    </ClInclude>
    <ClInclude Include="GuideEntry.h">
      <Filter>Header Files</Filter>
    </ClInclude>
    <ClInclude Include="HierarchyNodeTyperBuilder.h">
      <Filter>Header Files</Filter>
    </ClInclude>
    <ClInclude Include="HierarchyTree.h">
      <Filter>Header Files</Filter>
    </ClInclude>
    <ClInclude Include="HierarchyTreeBuilder.h">
      <Filter>Header Files</Filter>
    </ClInclude>
    <ClInclude Include="HTMLTransformer.h">
      <Filter>Header Files</Filter>
    </ClInclude>
    <ClInclude Include="IDifDocBuilder.h">
      <Filter>Header Files</Filter>
    </ClInclude>
    <ClInclude Include="ImageLibrary.h">
      <Filter>Header Files</Filter>
    </ClInclude>
    <ClInclude Include="ImageLibraryBuilder.h">
      <Filter>Header Files</Filter>
    </ClInclude>
    <ClInclude Include="ImageModeration.h">
      <Filter>Header Files</Filter>
    </ClInclude>
    <ClInclude Include="ImageModerationBuilder.h">
      <Filter>Header Files</Filter>
    </ClInclude>
    <ClInclude Include="Index.h">
      <Filter>Header Files</Filter>
    </ClInclude>
    <ClInclude Include="IndexBuilder.h">
      <Filter>Header Files</Filter>
    </ClInclude>
    <ClInclude Include="Info.h">
      <Filter>Header Files</Filter>
    </ClInclude>
    <ClInclude Include="InfoBuilder.h">
      <Filter>Header Files</Filter>
    </ClInclude>
    <ClInclude Include="InputContext.h">
      <Filter>Header Files</Filter>
    </ClInclude>
    <ClInclude Include="InspectUserBuilder.h">
      <Filter>Header Files</Filter>
    </ClInclude>
    <ClInclude Include="KeyArticleEditBuilder.h">
      <Filter>Header Files</Filter>
    </ClInclude>
    <ClInclude Include="Link.h">
      <Filter>Header Files</Filter>
    </ClInclude>
    <ClInclude Include="Locations.h">
      <Filter>Header Files</Filter>
    </ClInclude>
    <ClInclude Include="LogoutBuilder.h">
      <Filter>Header Files</Filter>
    </ClInclude>
    <ClInclude Include="ManageLinksBuilder.h">
      <Filter>Header Files</Filter>
    </ClInclude>
    <ClInclude Include="md5.h">
      <Filter>Header Files</Filter>
    </ClInclude>
    <ClInclude Include="md5_loc.h">
      <Filter>Header Files</Filter>
    </ClInclude>
    <ClInclude Include="MediaAsset.h">
      <Filter>Header Files</Filter>
    </ClInclude>
    <ClInclude Include="MediaAssetBuilder.h">
      <Filter>Header Files</Filter>
    </ClInclude>
    <ClInclude Include="MediaAssetModController.h">
      <Filter>Header Files</Filter>
    </ClInclude>
    <ClInclude Include="MediaAssetSearchPhrase.h">
      <Filter>Header Files</Filter>
    </ClInclude>
    <ClInclude Include="MediaAssetSearchPhraseBuilder.h">
      <Filter>Header Files</Filter>
    </ClInclude>
    <ClInclude Include="MemberDetailsPageBuilder.h">
      <Filter>Header Files</Filter>
    </ClInclude>
    <ClInclude Include="MembersHomePageBuilder.h">
      <Filter>Header Files</Filter>
    </ClInclude>
    <ClInclude Include="MessageBoardAdmin.h">
      <Filter>Header Files</Filter>
    </ClInclude>
    <ClInclude Include="MessageBoardAdminBuilder.h">
      <Filter>Header Files</Filter>
    </ClInclude>
    <ClInclude Include="MessageBoardPromo.h">
      <Filter>Header Files</Filter>
    </ClInclude>
    <ClInclude Include="MessageBoardPromoBuilder.h">
      <Filter>Header Files</Filter>
    </ClInclude>
    <ClInclude Include="MessageBoardSchedulePageBuilder.h">
      <Filter>Header Files</Filter>
    </ClInclude>
    <ClInclude Include="MessageboardStats.h">
      <Filter>Header Files</Filter>
    </ClInclude>
    <ClInclude Include="MessageboardStatsBuilder.h">
      <Filter>Header Files</Filter>
    </ClInclude>
    <ClInclude Include="MessageBoardTransfer.h">
      <Filter>Header Files</Filter>
    </ClInclude>
    <ClInclude Include="MessageBoardTransferBuilder.h">
      <Filter>Header Files</Filter>
    </ClInclude>
    <ClInclude Include="ModAlertsCheckerBuilder.h">
      <Filter>Header Files</Filter>
    </ClInclude>
    <ClInclude Include="ModBillingBuilder.h">
      <Filter>Header Files</Filter>
    </ClInclude>
    <ClInclude Include="ModComplaintsStats.h">
      <Filter>Header Files</Filter>
    </ClInclude>
    <ClInclude Include="ModerateArticlePageBuilder.h">
      <Filter>Header Files</Filter>
    </ClInclude>
    <ClInclude Include="ModerateHomePageBuilder.h">
      <Filter>Header Files</Filter>
    </ClInclude>
    <ClInclude Include="ModerateMediaAssetsBuilder.h">
      <Filter>Header Files</Filter>
    </ClInclude>
    <ClInclude Include="ModerateNickNames.h">
      <Filter>Header Files</Filter>
    </ClInclude>
    <ClInclude Include="ModerateNickNamesBuilder.h">
      <Filter>Header Files</Filter>
    </ClInclude>
    <ClInclude Include="ModeratePosts.h">
      <Filter>Header Files</Filter>
    </ClInclude>
    <ClInclude Include="ModerationClasses.h">
      <Filter>Header Files</Filter>
    </ClInclude>
    <ClInclude Include="ModerationDistressMessages.h">
      <Filter>Header Files</Filter>
    </ClInclude>
    <ClInclude Include="ModerationEmail.h">
      <Filter>Header Files</Filter>
    </ClInclude>
    <ClInclude Include="ModerationEmailManagementBuilder.h">
      <Filter>Header Files</Filter>
    </ClInclude>
    <ClInclude Include="ModerationHistoryBuilder.h">
      <Filter>Header Files</Filter>
    </ClInclude>
    <ClInclude Include="ModerationStatus.h">
      <Filter>Header Files</Filter>
    </ClInclude>
    <ClInclude Include="ModerationStatusPageBuilder.h">
      <Filter>Header Files</Filter>
    </ClInclude>
    <ClInclude Include="ModeratorInfo.h">
      <Filter>Header Files</Filter>
    </ClInclude>
    <ClInclude Include="ModeratorListBuilder.h">
      <Filter>Header Files</Filter>
    </ClInclude>
    <ClInclude Include="ModeratorManagementBuilder.h">
      <Filter>Header Files</Filter>
    </ClInclude>
    <ClInclude Include="ModManageFastModBuilder.h">
      <Filter>Header Files</Filter>
    </ClInclude>
    <ClInclude Include="ModQueueStat.h">
      <Filter>Header Files</Filter>
    </ClInclude>
    <ClInclude Include="ModReasons.h">
      <Filter>Header Files</Filter>
    </ClInclude>
    <ClInclude Include="ModStats.h">
      <Filter>Header Files</Filter>
    </ClInclude>
    <ClInclude Include="ModTriggers.h">
      <Filter>Header Files</Filter>
    </ClInclude>
    <ClInclude Include="MonthSummary.h">
      <Filter>Header Files</Filter>
    </ClInclude>
    <ClInclude Include="MonthSummaryPageBuilder.h">
      <Filter>Header Files</Filter>
    </ClInclude>
    <ClInclude Include="MoreJournalBuilder.h">
      <Filter>Header Files</Filter>
    </ClInclude>
    <ClInclude Include="MorePagesBuilder.h">
      <Filter>Header Files</Filter>
    </ClInclude>
    <ClInclude Include="MorePostsBuilder.h">
      <Filter>Header Files</Filter>
    </ClInclude>
    <ClInclude Include="MoveThreadForm.h">
      <Filter>Header Files</Filter>
    </ClInclude>
    <ClInclude Include="MoveThreadPageBuilder.h">
      <Filter>Header Files</Filter>
    </ClInclude>
    <ClInclude Include="MultiStep.h">
      <Filter>Header Files</Filter>
    </ClInclude>
    <ClInclude Include="NewEmailBuilder.h">
      <Filter>Header Files</Filter>
    </ClInclude>
    <ClInclude Include="NewRegisterBuilder.h">
      <Filter>Header Files</Filter>
    </ClInclude>
    <ClInclude Include="NewUserDetailsPageBuilder.h">
      <Filter>Header Files</Filter>
    </ClInclude>
    <ClInclude Include="NewUsersPageBuilder.h">
      <Filter>Header Files</Filter>
    </ClInclude>
    <ClInclude Include="NickNameModerationPageBuilder.h">
      <Filter>Header Files</Filter>
    </ClInclude>
    <ClInclude Include="NotFoundBuilder.h">
      <Filter>Header Files</Filter>
    </ClInclude>
    <ClInclude Include="Notice.h">
      <Filter>Header Files</Filter>
    </ClInclude>
    <ClInclude Include="NoticeBoardBuilder.h">
      <Filter>Header Files</Filter>
    </ClInclude>
    <ClInclude Include="NoticeBoardList.h">
      <Filter>Header Files</Filter>
    </ClInclude>
    <ClInclude Include="NoticeBoardListBuilder.h">
      <Filter>Header Files</Filter>
    </ClInclude>
    <ClInclude Include="OutputContext.h">
      <Filter>Header Files</Filter>
    </ClInclude>
    <ClInclude Include="PageBody.h">
      <Filter>Header Files</Filter>
    </ClInclude>
    <ClInclude Include="PageUI.h">
      <Filter>Header Files</Filter>
    </ClInclude>
    <ClInclude Include="phrase.h">
      <Filter>Header Files</Filter>
    </ClInclude>
    <ClInclude Include="PipeHandles.h">
      <Filter>Header Files</Filter>
    </ClInclude>
    <ClInclude Include="poll.h">
      <Filter>Header Files</Filter>
    </ClInclude>
    <ClInclude Include="PollBuilder.h">
      <Filter>Header Files</Filter>
    </ClInclude>
    <ClInclude Include="PollContentRating.h">
      <Filter>Header Files</Filter>
    </ClInclude>
    <ClInclude Include="PolliCanClub.h">
      <Filter>Header Files</Filter>
    </ClInclude>
    <ClInclude Include="PollNoticeBoard.h">
      <Filter>Header Files</Filter>
    </ClInclude>
    <ClInclude Include="polls.h">
      <Filter>Header Files</Filter>
    </ClInclude>
    <ClInclude Include="PostcodeBuilder.h">
      <Filter>Header Files</Filter>
    </ClInclude>
    <ClInclude Include="PostCodeParser.h">
      <Filter>Header Files</Filter>
    </ClInclude>
    <ClInclude Include="Postcoder.h">
      <Filter>Header Files</Filter>
    </ClInclude>
    <ClInclude Include="PostJournalBuilder.h">
      <Filter>Header Files</Filter>
    </ClInclude>
    <ClInclude Include="PostList.h">
      <Filter>Header Files</Filter>
    </ClInclude>
    <ClInclude Include="ProcessRecommendationForm.h">
      <Filter>Header Files</Filter>
    </ClInclude>
    <ClInclude Include="ProcessRecommendationPageBuilder.h">
      <Filter>Header Files</Filter>
    </ClInclude>
    <ClInclude Include="ProcessRunner.h">
      <Filter>Header Files</Filter>
    </ClInclude>
    <ClInclude Include="Profanity.h">
      <Filter>Header Files</Filter>
    </ClInclude>
    <ClInclude Include="ProfanityAdmin.h">
      <Filter>Header Files</Filter>
    </ClInclude>
    <ClInclude Include="ProfanityAdminPageBuilder.h">
      <Filter>Header Files</Filter>
    </ClInclude>
    <ClInclude Include="ProfanityFilter.h">
      <Filter>Header Files</Filter>
    </ClInclude>
    <ClInclude Include="ProfanityGroup.h">
      <Filter>Header Files</Filter>
    </ClInclude>
    <ClInclude Include="ProfanityGroupList.h">
      <Filter>Header Files</Filter>
    </ClInclude>
    <ClInclude Include="ProfanityList.h">
      <Filter>Header Files</Filter>
    </ClInclude>
    <ClInclude Include="ProfileConnection.h">
      <Filter>Header Files</Filter>
    </ClInclude>
    <ClInclude Include="ProfileConnectionPool.h">
      <Filter>Header Files</Filter>
    </ClInclude>
    <ClInclude Include="RandomArticle.h">
      <Filter>Header Files</Filter>
    </ClInclude>
    <ClInclude Include="RecentSearch.h">
      <Filter>Header Files</Filter>
    </ClInclude>
    <ClInclude Include="RecommendEntryForm.h">
      <Filter>Header Files</Filter>
    </ClInclude>
    <ClInclude Include="RecommendEntryPageBuilder.h">
      <Filter>Header Files</Filter>
    </ClInclude>
    <ClInclude Include="RefereeList.h">
      <Filter>Header Files</Filter>
    </ClInclude>
    <ClInclude Include="RegisterBuilder.h">
      <Filter>Header Files</Filter>
    </ClInclude>
    <ClInclude Include="RegisterObject.h">
      <Filter>Header Files</Filter>
    </ClInclude>
    <ClInclude Include="ReservedArticlesBuilder.h">
      <Filter>Header Files</Filter>
    </ClInclude>
    <ClInclude Include="Resource.h">
      <Filter>Header Files</Filter>
    </ClInclude>
    <ClInclude Include="ReviewForum.h">
      <Filter>Header Files</Filter>
    </ClInclude>
    <ClInclude Include="ReviewForumBuilder.h">
      <Filter>Header Files</Filter>
    </ClInclude>
    <ClInclude Include="ReviewSubmissionForum.h">
      <Filter>Header Files</Filter>
    </ClInclude>
    <ClInclude Include="Ripley.h">
      <Filter>Header Files</Filter>
    </ClInclude>
    <ClInclude Include="RipleyStatistics.h">
      <Filter>Header Files</Filter>
    </ClInclude>
    <ClInclude Include="ScoutRecommendationsForm.h">
      <Filter>Header Files</Filter>
    </ClInclude>
    <ClInclude Include="ScoutRecommendationsPageBuilder.h">
      <Filter>Header Files</Filter>
    </ClInclude>
    <ClInclude Include="Search.h">
      <Filter>Header Files</Filter>
    </ClInclude>
    <ClInclude Include="SearchBuilder.h">
      <Filter>Header Files</Filter>
    </ClInclude>
    <ClInclude Include="ShareAndEnjoyBuilder.h">
      <Filter>Header Files</Filter>
    </ClInclude>
    <ClInclude Include="SignalBuilder.h">
      <Filter>Header Files</Filter>
    </ClInclude>
    <ClInclude Include="SignifContent.h">
      <Filter>Header Files</Filter>
    </ClInclude>
    <ClInclude Include="SimpleFtp.h">
      <Filter>Header Files</Filter>
    </ClInclude>
    <ClInclude Include="Site.h">
      <Filter>Header Files</Filter>
    </ClInclude>
    <ClInclude Include="SiteAdminBuilder.h">
      <Filter>Header Files</Filter>
    </ClInclude>
    <ClInclude Include="SiteConfig.h">
      <Filter>Header Files</Filter>
    </ClInclude>
    <ClInclude Include="SiteConfigBuilder.h">
      <Filter>Header Files</Filter>
    </ClInclude>
    <ClInclude Include="SiteConfigPreview.h">
      <Filter>Header Files</Filter>
    </ClInclude>
    <ClInclude Include="SiteConfigPreviewBuilder.h">
      <Filter>Header Files</Filter>
    </ClInclude>
    <ClInclude Include="SiteData.h">
      <Filter>Header Files</Filter>
    </ClInclude>
    <ClInclude Include="SiteList.h">
      <Filter>Header Files</Filter>
    </ClInclude>
    <ClInclude Include="SiteOpenCloseSchedule.h">
      <Filter>Header Files</Filter>
    </ClInclude>
    <ClInclude Include="SiteOpenCloseTime.h">
      <Filter>Header Files</Filter>
    </ClInclude>
    <ClInclude Include="SiteOption.h">
      <Filter>Header Files</Filter>
    </ClInclude>
    <ClInclude Include="SkinDetails.h">
      <Filter>Header Files</Filter>
    </ClInclude>
    <ClInclude Include="SkinSelector.h">
      <Filter>Header Files</Filter>
    </ClInclude>
    <ClInclude Include="SmileyList.h">
      <Filter>Header Files</Filter>
    </ClInclude>
    <ClInclude Include="SmileyTranslator.h">
      <Filter>Header Files</Filter>
    </ClInclude>
    <ClInclude Include="SSOBuilder.h">
      <Filter>Header Files</Filter>
    </ClInclude>
    <ClInclude Include="StatsBuilder.h">
      <Filter>Header Files</Filter>
    </ClInclude>
    <ClInclude Include="StatusBuilder.h">
      <Filter>Header Files</Filter>
    </ClInclude>
    <ClInclude Include="StdAfx.h">
      <Filter>Header Files</Filter>
    </ClInclude>
    <ClInclude Include="StoredProcedure.h">
      <Filter>Header Files</Filter>
    </ClInclude>
    <ClInclude Include="StoredProcedureBase.h">
      <Filter>Header Files</Filter>
    </ClInclude>
    <ClInclude Include="SubAllocationForm.h">
      <Filter>Header Files</Filter>
    </ClInclude>
    <ClInclude Include="SubArticleStatusBuilder.h">
      <Filter>Header Files</Filter>
    </ClInclude>
    <ClInclude Include="SubbedArticlesPageBuilder.h">
      <Filter>Header Files</Filter>
    </ClInclude>
    <ClInclude Include="SubEditorAllocationPageBuilder.h">
      <Filter>Header Files</Filter>
    </ClInclude>
    <ClInclude Include="SubmitReviewForumBuilder.h">
      <Filter>Header Files</Filter>
    </ClInclude>
    <ClInclude Include="SubmitSubbedEntryForm.h">
      <Filter>Header Files</Filter>
    </ClInclude>
    <ClInclude Include="SubmitSubbedEntryPageBuilder.h">
      <Filter>Header Files</Filter>
    </ClInclude>
    <ClInclude Include="SubNotificationEmail.h">
      <Filter>Header Files</Filter>
    </ClInclude>
    <ClInclude Include="subst.h">
      <Filter>Header Files</Filter>
    </ClInclude>
    <ClInclude Include="SystemMessageMailbox.h">
      <Filter>Header Files</Filter>
    </ClInclude>
    <ClInclude Include="SystemMessageMailboxBuilder.h">
      <Filter>Header Files</Filter>
    </ClInclude>
    <ClInclude Include="TagItem.h">
      <Filter>Header Files</Filter>
    </ClInclude>
    <ClInclude Include="TagItemBuilder.h">
      <Filter>Header Files</Filter>
    </ClInclude>
    <ClInclude Include="tdvassert.h">
      <Filter>Header Files</Filter>
    </ClInclude>
    <ClInclude Include="TDVDateTime.h">
      <Filter>Header Files</Filter>
    </ClInclude>
    <ClInclude Include="TDVString.h">
      <Filter>Header Files</Filter>
    </ClInclude>
    <ClInclude Include="Team.h">
      <Filter>Header Files</Filter>
    </ClInclude>
    <ClInclude Include="TeamListPageBuilder.h">
      <Filter>Header Files</Filter>
    </ClInclude>
    <ClInclude Include="TestArticleXML.h">
      <Filter>Header Files</Filter>
    </ClInclude>
    <ClInclude Include="TestHTMLTransformer.h">
      <Filter>Header Files</Filter>
    </ClInclude>
    <ClInclude Include="TestXMLBuilder.h">
      <Filter>Header Files</Filter>
    </ClInclude>
    <ClInclude Include="TextBoxElement.h">
      <Filter>Header Files</Filter>
    </ClInclude>
    <ClInclude Include="TextBoxElementBuilder.h">
      <Filter>Header Files</Filter>
    </ClInclude>
    <ClInclude Include="ThreadSearchPhrase.h">
      <Filter>Header Files</Filter>
    </ClInclude>
    <ClInclude Include="ThreadSearchPhraseBuilder.h">
      <Filter>Header Files</Filter>
    </ClInclude>
    <ClInclude Include="ThroughputTransformer.h">
      <Filter>Header Files</Filter>
    </ClInclude>
    <ClInclude Include="TimeZoneManager.h">
      <Filter>Header Files</Filter>
    </ClInclude>
    <ClInclude Include="TopFiveEditor.h">
      <Filter>Header Files</Filter>
    </ClInclude>
    <ClInclude Include="TopFives.h">
      <Filter>Header Files</Filter>
    </ClInclude>
    <ClInclude Include="Topic.h">
      <Filter>Header Files</Filter>
    </ClInclude>
    <ClInclude Include="TopicBuilder.h">
      <Filter>Header Files</Filter>
    </ClInclude>
    <ClInclude Include="TransmissionBuilder.h">
      <Filter>Header Files</Filter>
    </ClInclude>
    <ClInclude Include="TypedArticleBuilder.h">
      <Filter>Header Files</Filter>
    </ClInclude>
    <ClInclude Include="UnauthorisedBuilder.h">
      <Filter>Header Files</Filter>
    </ClInclude>
    <ClInclude Include="Upload.h">
      <Filter>Header Files</Filter>
    </ClInclude>
    <ClInclude Include="UploadedImage.h">
      <Filter>Header Files</Filter>
    </ClInclude>
    <ClInclude Include="UploadedObject.h">
      <Filter>Header Files</Filter>
    </ClInclude>
    <ClInclude Include="UploadPageBuilder.h">
      <Filter>Header Files</Filter>
    </ClInclude>
    <ClInclude Include="URLFilter.h">
      <Filter>Header Files</Filter>
    </ClInclude>
    <ClInclude Include="URLFilterAdmin.h">
      <Filter>Header Files</Filter>
    </ClInclude>
    <ClInclude Include="URLFilterAdminBuilder.h">
      <Filter>Header Files</Filter>
    </ClInclude>
    <ClInclude Include="URLFilterList.h">
      <Filter>Header Files</Filter>
    </ClInclude>
    <ClInclude Include="User.h">
      <Filter>Header Files</Filter>
    </ClInclude>
    <ClInclude Include="UserComplaintPageBuilder.h">
      <Filter>Header Files</Filter>
    </ClInclude>
    <ClInclude Include="UserEditPageBuilder.h">
      <Filter>Header Files</Filter>
    </ClInclude>
    <ClInclude Include="usergroups.h">
      <Filter>Header Files</Filter>
    </ClInclude>
    <ClInclude Include="UserList.h">
      <Filter>Header Files</Filter>
    </ClInclude>
    <ClInclude Include="UserPageBuilder.h">
      <Filter>Header Files</Filter>
    </ClInclude>
    <ClInclude Include="UserPrivacy.h">
      <Filter>Header Files</Filter>
    </ClInclude>
    <ClInclude Include="UserPrivacyBuilder.h">
      <Filter>Header Files</Filter>
    </ClInclude>
    <ClInclude Include="UsersTags.h">
      <Filter>Header Files</Filter>
    </ClInclude>
    <ClInclude Include="UserStatisticsPageBuilder.h">
      <Filter>Header Files</Filter>
    </ClInclude>
    <ClInclude Include="UserStatuses.h">
      <Filter>Header Files</Filter>
    </ClInclude>
    <ClInclude Include="UserTags.h">
      <Filter>Header Files</Filter>
    </ClInclude>
    <ClInclude Include="Vote.h">
      <Filter>Header Files</Filter>
    </ClInclude>
    <ClInclude Include="VotePageBuilder.h">
      <Filter>Header Files</Filter>
    </ClInclude>
    <ClInclude Include="WatchList.h">
      <Filter>Header Files</Filter>
    </ClInclude>
    <ClInclude Include="WholePage.h">
      <Filter>Header Files</Filter>
    </ClInclude>
    <ClInclude Include="WhosOnlineBuilder.h">
      <Filter>Header Files</Filter>
    </ClInclude>
    <ClInclude Include="WhosOnlineObject.h">
      <Filter>Header Files</Filter>
    </ClInclude>
    <ClInclude Include="XMLBuilder.h">
      <Filter>Header Files</Filter>
    </ClInclude>
    <ClInclude Include="XMLCookie.h">
      <Filter>Header Files</Filter>
    </ClInclude>
    <ClInclude Include="XMLDate.h">
      <Filter>Header Files</Filter>
    </ClInclude>
    <ClInclude Include="XMLError.h">
      <Filter>Header Files</Filter>
    </ClInclude>
    <ClInclude Include="XMLObject.h">
      <Filter>Header Files</Filter>
    </ClInclude>
    <ClInclude Include="XMLStringUtils.h">
      <Filter>Header Files</Filter>
    </ClInclude>
    <ClInclude Include="XMLTransformer.h">
      <Filter>Header Files</Filter>
    </ClInclude>
    <ClInclude Include="XMLTree.h">
      <Filter>Header Files</Filter>
    </ClInclude>
    <ClInclude Include="XSLT.h">
      <Filter>Header Files</Filter>
    </ClInclude>
  </ItemGroup>
</Project>