
Microsoft Visual Studio Solution File, Format Version 10.00
# Visual Studio 2008
Project("{FAE04EC0-301F-11D3-BF4B-00C04F79EFBC}") = "SkinManager", "SkinManager\SkinManager.csproj", "{88AE7CE8-BF09-4B65-9A08-F771E115CC9F}"
EndProject
Global
	GlobalSection(TeamFoundationVersionControl) = preSolution
		SccNumberOfProjects = 2
		SccEnterpriseProvider = {4CA58AB2-18FA-4F8D-95D4-32DDF27D184C}
		SccTeamFoundationServer = http://vp-dev-dna-1:8080/
		SccLocalPath0 = .
		SccProjectUniqueName1 = SkinManager\\SkinManager.csproj
		SccProjectName1 = SkinManager
		SccLocalPath1 = SkinManager
	EndGlobalSection
	GlobalSection(SolutionConfigurationPlatforms) = preSolution
		Debug|Any CPU = Debug|Any CPU
		Release|Any CPU = Release|Any CPU
	EndGlobalSection
	GlobalSection(ProjectConfigurationPlatforms) = postSolution
		{88AE7CE8-BF09-4B65-9A08-F771E115CC9F}.Debug|Any CPU.ActiveCfg = Debug|Any CPU
		{88AE7CE8-BF09-4B65-9A08-F771E115CC9F}.Debug|Any CPU.Build.0 = Debug|Any CPU
		{88AE7CE8-BF09-4B65-9A08-F771E115CC9F}.Release|Any CPU.ActiveCfg = Release|Any CPU
		{88AE7CE8-BF09-4B65-9A08-F771E115CC9F}.Release|Any CPU.Build.0 = Release|Any CPU
	EndGlobalSection
	GlobalSection(SolutionProperties) = preSolution
		HideSolutionNode = FALSE
	EndGlobalSection
EndGlobal
